// !$*UTF8*$!
{
	archiveVersion = 1;
	classes = {
	};
	objectVersion = 77;
	objects = {

/* Begin PBXBuildFile section */
		0098E9FDF89D44B5CE8F7285 /* P3FixLANGatewayUITests.swift in Sources */ = {isa = PBXBuildFile; fileRef = EAA506D7F4BC4CAA5FA1860A /* P3FixLANGatewayUITests.swift */; };
		023319986EDBAC88CE708F61 /* RoomChatViewModelTests.swift in Sources */ = {isa = PBXBuildFile; fileRef = 9B14422ADBAE78872C49B68E /* RoomChatViewModelTests.swift */; };
		0648A50441FEDC7FB3FE592C /* BotChatTapUITests.swift in Sources */ = {isa = PBXBuildFile; fileRef = 5AE013E4BDC8AF9FA7B7A6BB /* BotChatTapUITests.swift */; };
		074E6408F9F8AE84BDE6E60E /* EmbeddedTailscaleAdapterTests.swift in Sources */ = {isa = PBXBuildFile; fileRef = 6D90045CBBDD428E6A7A297D /* EmbeddedTailscaleAdapterTests.swift */; };
		09B973D09FF7C6CE6235D28D /* FOS6ComponentDensityUITests.swift in Sources */ = {isa = PBXBuildFile; fileRef = FB290BD0B4FDD960F068C4F2 /* FOS6ComponentDensityUITests.swift */; };
		0C15E008913F81CCFF840668 /* EmbeddedTailnetUITests.swift in Sources */ = {isa = PBXBuildFile; fileRef = 1303DE34C9E089CD3D7C0CFD /* EmbeddedTailnetUITests.swift */; };
		0C15E01E38955F7B74F335F5 /* RT2RemovalAndEndpointSanitizationUITests.swift in Sources */ = {isa = PBXBuildFile; fileRef = AA0788C641C3AD0C32972980 /* RT2RemovalAndEndpointSanitizationUITests.swift */; };
		0C26BBF27EF90EACF7C2DB65 /* GatewayFormDraftStoreTests.swift in Sources */ = {isa = PBXBuildFile; fileRef = CE6BC2110F398CBC54DBCF8A /* GatewayFormDraftStoreTests.swift */; };
		0F2A6454E506740BE84B1739 /* AppEnvironmentTests.swift in Sources */ = {isa = PBXBuildFile; fileRef = 743944B9CB1507020C1B2A8C /* AppEnvironmentTests.swift */; };
		13F3F7A725F5265CD226E34D /* HermesFleetReconnectUITests.swift in Sources */ = {isa = PBXBuildFile; fileRef = 07655520ABEDB2077F32D167 /* HermesFleetReconnectUITests.swift */; };
		16BDC9CA675F3E7D1B9659A8 /* Tailscale-LICENSE.txt in Resources */ = {isa = PBXBuildFile; fileRef = 2665E4FCB09B0635D33648DF /* Tailscale-LICENSE.txt */; };
		16D96136BF1241B597E4722D /* R9ConversationToolingUITests.swift in Sources */ = {isa = PBXBuildFile; fileRef = 21D1C48B297C70782863ECDB /* R9ConversationToolingUITests.swift */; };
		179BD4EFE6311D44DEF19762 /* LaunchScreen.storyboard in Resources */ = {isa = PBXBuildFile; fileRef = CC92C6F059D5190CD44A6FB7 /* LaunchScreen.storyboard */; };
		184DF99410B6C818C8728DF1 /* U6ConversationSkinUITests.swift in Sources */ = {isa = PBXBuildFile; fileRef = F7D87954F52997464C091EED /* U6ConversationSkinUITests.swift */; };
		19771701FE6B4C3552BE3821 /* BotAvatarSourcesUITests.swift in Sources */ = {isa = PBXBuildFile; fileRef = 0507B28E7DB64CC4AC0DDDF4 /* BotAvatarSourcesUITests.swift */; };
		1A0D15E987FF7FF59F36FC6B /* F3OnboardingUITests.swift in Sources */ = {isa = PBXBuildFile; fileRef = EABD5C7E2F6A5874DAF05C6C /* F3OnboardingUITests.swift */; };
		1A1D00EE7582B69FCF421ABA /* MemoryGraphTests.swift in Sources */ = {isa = PBXBuildFile; fileRef = D337F869D057A934E90AF5FD /* MemoryGraphTests.swift */; };
		1B5563751D50E50C7B196921 /* U3TabNavigationUITests.swift in Sources */ = {isa = PBXBuildFile; fileRef = 36A4B24E61526D2294992BD2 /* U3TabNavigationUITests.swift */; };
		1C08552B54A3B45AF72E2E01 /* F4FirstRunGateUITests.swift in Sources */ = {isa = PBXBuildFile; fileRef = CA4B15B3C49C6C5FA5F888B9 /* F4FirstRunGateUITests.swift */; };
		1DECF9B55382047514145BE4 /* FOS4TruthfulHomeTests.swift in Sources */ = {isa = PBXBuildFile; fileRef = 90F68797AD9C57818CDC7085 /* FOS4TruthfulHomeTests.swift */; };
		1EE8D3F281470F207063727D /* InProcessWebSocketServer.swift in Sources */ = {isa = PBXBuildFile; fileRef = 4799DB925C4D9935D2DD7D21 /* InProcessWebSocketServer.swift */; };
		1F1FD7F5ADF544FC0A62D5F9 /* RoomLinkViewModelTests.swift in Sources */ = {isa = PBXBuildFile; fileRef = E3BA69A7CC0AA2466F1FD5E8 /* RoomLinkViewModelTests.swift */; };
		1FEA331E9B5D63C3ABD9E40E /* FOS3FourRootShellUITests.swift in Sources */ = {isa = PBXBuildFile; fileRef = 9D049EEAAB53A7AB714E7F2B /* FOS3FourRootShellUITests.swift */; };
		200B95B272E00C8BB9E7A8BC /* ATSExceptionDriftTests.swift in Sources */ = {isa = PBXBuildFile; fileRef = 1493BE85176762EA67892033 /* ATSExceptionDriftTests.swift */; };
		2124BF58AC0F41E31FE07DC5 /* TailscaleKit.xcframework in Embed Frameworks */ = {isa = PBXBuildFile; fileRef = 3546FEEB00788521C78346D3 /* TailscaleKit.xcframework */; settings = {ATTRIBUTES = (CodeSignOnCopy, RemoveHeadersOnCopy, ); }; };
		225FA7C42C7D6F474B3EA8AA /* FleetCore in Frameworks */ = {isa = PBXBuildFile; productRef = 8F4470D5B9599997A86EB24D /* FleetCore */; };
		230ED173C2D04A96779776A2 /* FleetThemeTests.swift in Sources */ = {isa = PBXBuildFile; fileRef = D0D954AF4C3E20AAF3DA5B4F /* FleetThemeTests.swift */; };
		250C2114E69390A74CC828E2 /* BotPetAvatarUITests.swift in Sources */ = {isa = PBXBuildFile; fileRef = C51A842AB1D50CCE28F36D1E /* BotPetAvatarUITests.swift */; };
		26780CF557EC175FB73356B9 /* U7GatewayQrLockSettingsUITests.swift in Sources */ = {isa = PBXBuildFile; fileRef = A9B8E7BB7DE1F553B7F2B2D6 /* U7GatewayQrLockSettingsUITests.swift */; };
		28FF08C4B275EB4BCEBBA52A /* B1LiveBoardSelectorDeviceTests.swift in Sources */ = {isa = PBXBuildFile; fileRef = 2F175C052AB3C3EE845F70CD /* B1LiveBoardSelectorDeviceTests.swift */; };
		2997308626C5593CEA2714B1 /* ConnectionLifecycleIntentTests.swift in Sources */ = {isa = PBXBuildFile; fileRef = B7188482A02E39F8F27E9916 /* ConnectionLifecycleIntentTests.swift */; };
		2A799A76FD4BAA877BA8F2AD /* ScriptedCreateFlowTests.swift in Sources */ = {isa = PBXBuildFile; fileRef = D8DF5B94BC0B059D55DDF707 /* ScriptedCreateFlowTests.swift */; };
		2C1CA3847CBD066D704AE4C8 /* FleetCoreLogicTests.swift in Sources */ = {isa = PBXBuildFile; fileRef = 484982E3D802092C667BDF10 /* FleetCoreLogicTests.swift */; };
		2D16BA121A70A3FC6CD9CE6B /* TailscaleKitDriver.swift in Sources */ = {isa = PBXBuildFile; fileRef = 36C8FF9C0F1DD56F846961BD /* TailscaleKitDriver.swift */; };
		2FAB6479B1024179FC62B75F /* SplashOverlayView.swift in Sources */ = {isa = PBXBuildFile; fileRef = 171DB809769D21B3E41B0561 /* SplashOverlayView.swift */; };
		3144AA84AD28AA9738D7D690 /* BotRosterSlice2UITests.swift in Sources */ = {isa = PBXBuildFile; fileRef = 74C2D0202C4833017A3A976A /* BotRosterSlice2UITests.swift */; };
		316AD24DA48B5B359159BC3E /* ProjectsBrowserTests.swift in Sources */ = {isa = PBXBuildFile; fileRef = 53074EB2159A1156DFDF11FD /* ProjectsBrowserTests.swift */; };
		34879804AE54086055BC7960 /* RoomLinkMentionsUITests.swift in Sources */ = {isa = PBXBuildFile; fileRef = 0AF95D840A084BE9C9CAD33C /* RoomLinkMentionsUITests.swift */; };
		36426EF83499A5696EE6B978 /* FOS5BotsGroupsChatsUITests.swift in Sources */ = {isa = PBXBuildFile; fileRef = CEA14D54A4EAB999E0168F92 /* FOS5BotsGroupsChatsUITests.swift */; };
		373E555F2D1EA52A98D16E7A /* FOS8RoomLinkRecoveryTests.swift in Sources */ = {isa = PBXBuildFile; fileRef = E355C0C291D253CB607D22B0 /* FOS8RoomLinkRecoveryTests.swift */; };
		386A8D570EBDA575D4114CFB /* BotsPresenceSyncTests.swift in Sources */ = {isa = PBXBuildFile; fileRef = 02051CCBDDB3B2B3EB475B61 /* BotsPresenceSyncTests.swift */; };
		3A8B99EBFA16CC3747BB4E66 /* BotRoutinesViewModelTests.swift in Sources */ = {isa = PBXBuildFile; fileRef = 3C448C88190523F3B23998EC /* BotRoutinesViewModelTests.swift */; };
		3BC9D5C1D9DB0AAA16B7E9E4 /* ModuleBoundaryTests.swift in Sources */ = {isa = PBXBuildFile; fileRef = D5CE67029BF123907966D4C2 /* ModuleBoundaryTests.swift */; };
		3DF5C922278BEF5E7C68652B /* FleetComponentsTests.swift in Sources */ = {isa = PBXBuildFile; fileRef = 9BAF2911DD7A9A273ED1D5D2 /* FleetComponentsTests.swift */; };
		3F560639A03BF741A77E72F8 /* FleetSimulator.swift in Sources */ = {isa = PBXBuildFile; fileRef = 2380AC190371692E170A3C23 /* FleetSimulator.swift */; };
		442E27137A9A74A01B20918E /* FleetNetworking in Frameworks */ = {isa = PBXBuildFile; productRef = 4439186D733E102F83A0BE03 /* FleetNetworking */; };
		44D3313BD3B75361ECF04043 /* FleetSettingsAccentUITests.swift in Sources */ = {isa = PBXBuildFile; fileRef = B066A503BF426E07D5165863 /* FleetSettingsAccentUITests.swift */; };
		46C178598807B033656851F4 /* FleetPersistence in Frameworks */ = {isa = PBXBuildFile; productRef = 377914622ADB44444547314C /* FleetPersistence */; };
		4709C62AB817CDE5D5CB5962 /* BotAvatarRendererAndControlsTests.swift in Sources */ = {isa = PBXBuildFile; fileRef = 759E66BA6CE87E9995080C1D /* BotAvatarRendererAndControlsTests.swift */; };
		48703090EBACB7FBDB05E476 /* R10MessageReactionsUITests.swift in Sources */ = {isa = PBXBuildFile; fileRef = 57784BC2C1A8BD4D890F4D33 /* R10MessageReactionsUITests.swift */; };
		4A768B4C334F6466F161DB73 /* Issue5StreamingRichTextUITests.swift in Sources */ = {isa = PBXBuildFile; fileRef = 35C9E0A36254E87C0AD1A304 /* Issue5StreamingRichTextUITests.swift */; };
		4C763BDF527C3C5EFF584006 /* FleetUI in Frameworks */ = {isa = PBXBuildFile; productRef = 93C490BE855453CB16C74879 /* FleetUI */; };
		4F757B94E834A86C50D51FE3 /* KanbanBoardSelectorViewModelTests.swift in Sources */ = {isa = PBXBuildFile; fileRef = 87630C3BE4D4DB8BDDE8C7A5 /* KanbanBoardSelectorViewModelTests.swift */; };
		504013619C0C5C1743CD1144 /* F2PairingApplyTests.swift in Sources */ = {isa = PBXBuildFile; fileRef = C0AFEA3FBD054A724A5F5139 /* F2PairingApplyTests.swift */; };
		530AA02746BD1BF75369C072 /* R9ApprovalBannerUITests.swift in Sources */ = {isa = PBXBuildFile; fileRef = 90F4785CD8BD260DF07E65DF /* R9ApprovalBannerUITests.swift */; };
		53A47B253D02DD8EADC1A44B /* BotPetAvatarTests.swift in Sources */ = {isa = PBXBuildFile; fileRef = EDE9F3433AB9801F7F1C6998 /* BotPetAvatarTests.swift */; };
		53AB0A9DB99780F8669D9A82 /* HermesFleetHappyPathUITests.swift in Sources */ = {isa = PBXBuildFile; fileRef = 5637DB7B24B46E1A35E0B3ED /* HermesFleetHappyPathUITests.swift */; };
		568D3FC18BC8530AE3E7DA34 /* GatewayPersistenceRelaunchTests.swift in Sources */ = {isa = PBXBuildFile; fileRef = BD81D83119A185906F3FABB8 /* GatewayPersistenceRelaunchTests.swift */; };
		57886FC093FF828BA1832DCA /* F2QRPairingUITests.swift in Sources */ = {isa = PBXBuildFile; fileRef = 289566529F99173DE8015AB1 /* F2QRPairingUITests.swift */; };
		5859CE419C8FED2410EE3549 /* ChatsSessionFreshnessTests.swift in Sources */ = {isa = PBXBuildFile; fileRef = A3998D65A904F4FE0DAB35A4 /* ChatsSessionFreshnessTests.swift */; };
		58BA21B387FA162A823AC1F4 /* FOS2GatewayDetailUITests.swift in Sources */ = {isa = PBXBuildFile; fileRef = 65CA49DCCE4D28E086A7ABE5 /* FOS2GatewayDetailUITests.swift */; };
		5955E58F2C47102B77E22577 /* R10MemoryGraphEditUITests.swift in Sources */ = {isa = PBXBuildFile; fileRef = 1300690CB61519FB78BBE445 /* R10MemoryGraphEditUITests.swift */; };
		5B69124E0F03B3614045E177 /* MessageReactionsViewModelTests.swift in Sources */ = {isa = PBXBuildFile; fileRef = 6251706D24B255852E521AEB /* MessageReactionsViewModelTests.swift */; };
		5F465EC10BBE403B4835C88E /* S3CleartextWarningUITests.swift in Sources */ = {isa = PBXBuildFile; fileRef = F3E045B2C895711DCB6AC796 /* S3CleartextWarningUITests.swift */; };
		5FEC189081EDC141B9EB8581 /* FOS4TruthfulHomeUITests.swift in Sources */ = {isa = PBXBuildFile; fileRef = EE4159F90136D3243A7471A8 /* FOS4TruthfulHomeUITests.swift */; };
		608C037057F7FF6801D39160 /* T2FixTailnetGatewayUITests.swift in Sources */ = {isa = PBXBuildFile; fileRef = 44C074CE45D0B5E88EB78568 /* T2FixTailnetGatewayUITests.swift */; };
		627DA62856B55491E2B8513F /* UnconfiguredGateways.swift in Sources */ = {isa = PBXBuildFile; fileRef = 35E6CE9927E15E78239C062A /* UnconfiguredGateways.swift */; };
		658EFD3C965298877A7A1D63 /* ManagementPanesViewModelTests.swift in Sources */ = {isa = PBXBuildFile; fileRef = 5A0DB1D96996A146D5EC96A8 /* ManagementPanesViewModelTests.swift */; };
		6797022A8029048FEAA7EA69 /* FOS2GatewayScopingTests.swift in Sources */ = {isa = PBXBuildFile; fileRef = 611B38ADDEA10100322CB58F /* FOS2GatewayScopingTests.swift */; };
		6AC11F4E4AB93D71284181CC /* P2GatewayFormDraftUITests.swift in Sources */ = {isa = PBXBuildFile; fileRef = 73276D7D335DD1FFAF4D238A /* P2GatewayFormDraftUITests.swift */; };
		6AC7FDB9D7DE509A16915205 /* R10VoiceUITests.swift in Sources */ = {isa = PBXBuildFile; fileRef = 8E4B9CA2708C4F6346F45A41 /* R10VoiceUITests.swift */; };
		6F77F91E9CED3E054FFED81B /* TailscaleKit.xcframework in Frameworks */ = {isa = PBXBuildFile; fileRef = 3546FEEB00788521C78346D3 /* TailscaleKit.xcframework */; };
		6F9871E160358940DD836835 /* BotRoutinesUITests.swift in Sources */ = {isa = PBXBuildFile; fileRef = 19C1AEAA48F89379DD80DE31 /* BotRoutinesUITests.swift */; };
		700DFE4F228CE222DCF6B3F4 /* GatewayRoomProviders.swift in Sources */ = {isa = PBXBuildFile; fileRef = EBAFAC9427FB277EA0C2D8B4 /* GatewayRoomProviders.swift */; };
		70DBE252BC45F78409C8C733 /* ApprovalFlowTests.swift in Sources */ = {isa = PBXBuildFile; fileRef = C5B652485831E5050A35169A /* ApprovalFlowTests.swift */; };
		768404B993FAA1E100FC3F0E /* BotManagementTests.swift in Sources */ = {isa = PBXBuildFile; fileRef = 6A13AE51B5D6BF2B4E2910E4 /* BotManagementTests.swift */; };
		789CA16B2875E2B19C6B1E95 /* UITestLaunchSupport.swift in Sources */ = {isa = PBXBuildFile; fileRef = AF524BB131167B4F4E65D756 /* UITestLaunchSupport.swift */; };
		7C08F39385F5A1F5DE156020 /* FleetChatsWiringGuardTests.swift in Sources */ = {isa = PBXBuildFile; fileRef = 3859B6C20A589CAB18C8B040 /* FleetChatsWiringGuardTests.swift */; };
		7C833168DB02614C318E08CD /* R9MemoryGraphUITests.swift in Sources */ = {isa = PBXBuildFile; fileRef = 6676D110095F10C4FB78A5A9 /* R9MemoryGraphUITests.swift */; };
		7CAFFD3B36AB1B7B3EEEFFCD /* SplashConfigurationTests.swift in Sources */ = {isa = PBXBuildFile; fileRef = 3069E03CD70BDCC3377C0D75 /* SplashConfigurationTests.swift */; };
		7CEC3E04BE1669A048732A54 /* P0_7LiveTailnetUITests.swift in Sources */ = {isa = PBXBuildFile; fileRef = A6325589D12BB7792035231F /* P0_7LiveTailnetUITests.swift */; };
		82725A689F83E414C95BE70C /* SplashUITests.swift in Sources */ = {isa = PBXBuildFile; fileRef = 3F88573D747272E04066317D /* SplashUITests.swift */; };
		83F772490E202B9E595C263B /* P3FixLoopbackGatewayUITests.swift in Sources */ = {isa = PBXBuildFile; fileRef = 2B40ECEBBFB0680B0EA13A70 /* P3FixLoopbackGatewayUITests.swift */; };
		85CF8A3CC42A26DCD9F35414 /* EmbeddedCompositionTests.swift in Sources */ = {isa = PBXBuildFile; fileRef = FA36AEE9A145F20D7F891AD3 /* EmbeddedCompositionTests.swift */; };
		872237CA888F813111175FB7 /* CrossGatewayRoomSetupTests.swift in Sources */ = {isa = PBXBuildFile; fileRef = 83B1156EFB5904085409E071 /* CrossGatewayRoomSetupTests.swift */; };
		8B7BDB1F494E240EFD8C697F /* H2SurfaceDoctorDeviceTests.swift in Sources */ = {isa = PBXBuildFile; fileRef = AF7AEF616FC2AC811EB7B575 /* H2SurfaceDoctorDeviceTests.swift */; };
		8D5D7A4794C4F5C1DEE340BD /* RT4LogicRegressionTests.swift in Sources */ = {isa = PBXBuildFile; fileRef = 3EE8C3BBEDA9501678CC9D24 /* RT4LogicRegressionTests.swift */; };
		8FA7DC93085A162BBD082052 /* FleetChatsPresentationTests.swift in Sources */ = {isa = PBXBuildFile; fileRef = 72D50BC1E3E15365C2D66ED2 /* FleetChatsPresentationTests.swift */; };
		90B9C115EEE142503EBBF622 /* Assets.xcassets in Resources */ = {isa = PBXBuildFile; fileRef = 745ADDE165B902910C38E299 /* Assets.xcassets */; };
		942AFF1208C5A16EE04CB842 /* SessionPreviewTextTests.swift in Sources */ = {isa = PBXBuildFile; fileRef = 9BFB8B62011CAC7842EF9DFE /* SessionPreviewTextTests.swift */; };
		952EB3B91ACB63A0D00C57CE /* F1TwoGatewayFleetLiveUITests.swift in Sources */ = {isa = PBXBuildFile; fileRef = 0D4835804962F3C2C39A75BE /* F1TwoGatewayFleetLiveUITests.swift */; };
		969F20E6ACD338F23C39708D /* OnboardingPromptTests.swift in Sources */ = {isa = PBXBuildFile; fileRef = 068164FABF60AF462ACB6CA2 /* OnboardingPromptTests.swift */; };
		99E6CF69A06EBD35702F27B0 /* ConversationFixtureLoopTests.swift in Sources */ = {isa = PBXBuildFile; fileRef = 5BEEFC0BD1DC4133FB63310C /* ConversationFixtureLoopTests.swift */; };
		A2B84AE3662AEC98EC77C3EE /* RT4RosterEmptyStateUITests.swift in Sources */ = {isa = PBXBuildFile; fileRef = 34781F74AFD460D82B873234 /* RT4RosterEmptyStateUITests.swift */; };
		A4CA210EB6511D75124029EF /* ConversationVoiceViewModelTests.swift in Sources */ = {isa = PBXBuildFile; fileRef = 2627C9CB0E1C1E3476D9EB00 /* ConversationVoiceViewModelTests.swift */; };
		A61B399EE4B0054EF82EA89C /* AppCompositionTests.swift in Sources */ = {isa = PBXBuildFile; fileRef = E7F6E782B2770F110FAB14A9 /* AppCompositionTests.swift */; };
		A7EE0E2701530A9A184F5BB6 /* RoomChatUITests.swift in Sources */ = {isa = PBXBuildFile; fileRef = 0E4A0FF7E8350A8E2BA6F853 /* RoomChatUITests.swift */; };
		A97BFFDDA3101E30242FF257 /* R10ProjectsBrowserUITests.swift in Sources */ = {isa = PBXBuildFile; fileRef = 5E135D8699F0110CA5792B32 /* R10ProjectsBrowserUITests.swift */; };
		AB02B84E3EE16C4A0E9F47F1 /* ProjectsSnapshotStoreTests.swift in Sources */ = {isa = PBXBuildFile; fileRef = 261A5784C89B6D7B55044B5F /* ProjectsSnapshotStoreTests.swift */; };
		ABD9FAEBC67BC5E829AE92F6 /* VoiceIO.swift in Sources */ = {isa = PBXBuildFile; fileRef = 36FAEE832413ACBA6AF7F206 /* VoiceIO.swift */; };
		AC4468020B5AA02AF8E20D8C /* ConversationViewModelTests.swift in Sources */ = {isa = PBXBuildFile; fileRef = C23982F7FEC22CBC94FB2AAB /* ConversationViewModelTests.swift */; };
		B0D8C00E8769592687D1B510 /* FOS5BotsGroupsChatsTests.swift in Sources */ = {isa = PBXBuildFile; fileRef = D7476BD8D66AF84CF099DA07 /* FOS5BotsGroupsChatsTests.swift */; };
		B1306E98F67503207DCCAC67 /* F1FailureCopyTests.swift in Sources */ = {isa = PBXBuildFile; fileRef = 0EDD0C9EA5DA66D6FA4D2F1C /* F1FailureCopyTests.swift */; };
		B1AB16A9F5EB927CD0BADA2C /* H2HealthDashboardUITests.swift in Sources */ = {isa = PBXBuildFile; fileRef = 81A1A63C6F0F29A8454980F6 /* H2HealthDashboardUITests.swift */; };
		B370F267CF80B8A8161A8527 /* FleetWing.icon in Resources */ = {isa = PBXBuildFile; fileRef = 9A05382B633430B51638CBE2 /* FleetWing.icon */; };
		B43425B083F862091F76937C /* U6ConversationSkinTests.swift in Sources */ = {isa = PBXBuildFile; fileRef = 5EB7D7B5572E537B3CCA3553 /* U6ConversationSkinTests.swift */; };
		B9636652BB9842B72178D9E2 /* FOS3FourRootShellTests.swift in Sources */ = {isa = PBXBuildFile; fileRef = EA314A289DB06BFD6157CC65 /* FOS3FourRootShellTests.swift */; };
		B9F70C648F21F01431B2BCBC /* HermesFleetApp.swift in Sources */ = {isa = PBXBuildFile; fileRef = F3B0B8CAA8D227A38EFDDE89 /* HermesFleetApp.swift */; };
		BC5865910B9FC1C44ED2E46C /* BotAvatarAppearanceUITests.swift in Sources */ = {isa = PBXBuildFile; fileRef = 99AA8C731B1E831A652CE505 /* BotAvatarAppearanceUITests.swift */; };
		BD835154FEAB0EB84978C12F /* U5BotDetailUITests.swift in Sources */ = {isa = PBXBuildFile; fileRef = 10E6E3D880ED0ED902488681 /* U5BotDetailUITests.swift */; };
		BFE06EDC671EA61D2924AD33 /* F1LiveATSProbeTests.swift in Sources */ = {isa = PBXBuildFile; fileRef = B2707339B7AA75D01175558E /* F1LiveATSProbeTests.swift */; };
		C0E19EB4C1CB8D2656AA26CA /* B1LiveBoardPickerUITests.swift in Sources */ = {isa = PBXBuildFile; fileRef = 023100E301731FB65176A167 /* B1LiveBoardPickerUITests.swift */; };
		C5377CCD5DCFD49530466CE3 /* FleetDashboardFormattingTests.swift in Sources */ = {isa = PBXBuildFile; fileRef = E70AC6557D0E8E55FB00F295 /* FleetDashboardFormattingTests.swift */; };
		C56D4ED822D48F543FC80D08 /* P0_7SessionStateMachineUITests.swift in Sources */ = {isa = PBXBuildFile; fileRef = B20AB484DBACFFEEC06179C2 /* P0_7SessionStateMachineUITests.swift */; };
		C6F51B49816B3F8801F18F68 /* AppLockProviders.swift in Sources */ = {isa = PBXBuildFile; fileRef = 0A603A8D0B8049916523C335 /* AppLockProviders.swift */; };
		CB2A546E9A4953A64976DD80 /* AttachmentStagingViewModelTests.swift in Sources */ = {isa = PBXBuildFile; fileRef = 26665EB6ED4AAD8BAA2065F0 /* AttachmentStagingViewModelTests.swift */; };
		CBAF6553CBB3340D244FEFD5 /* FleetSecurity in Frameworks */ = {isa = PBXBuildFile; productRef = 4FD859AB5DC4007FABF3E84F /* FleetSecurity */; };
		CC9DA412A22B594A47067A21 /* AppLockControllerTests.swift in Sources */ = {isa = PBXBuildFile; fileRef = FDC421799B33E95495AFBAD2 /* AppLockControllerTests.swift */; };
		CDE183B24E366CE77571FB9D /* SimulatorCreateFlowTests.swift in Sources */ = {isa = PBXBuildFile; fileRef = 66AF4A028601A68EE4122718 /* SimulatorCreateFlowTests.swift */; };
		CE2B614CC7652368415DA8C4 /* UITabNavigation.swift in Sources */ = {isa = PBXBuildFile; fileRef = 501E486750093968F32F0092 /* UITabNavigation.swift */; };
		CEE35FD50C2E188BB54260A7 /* SecondGenerationUITests.swift in Sources */ = {isa = PBXBuildFile; fileRef = 920D165DE93AC52EACD9A21C /* SecondGenerationUITests.swift */; };
		CF341E7F76B43EEBFBB728E7 /* L1FixLiveGatewayUITests.swift in Sources */ = {isa = PBXBuildFile; fileRef = BC9677ED749D08C0E0F64121 /* L1FixLiveGatewayUITests.swift */; };
		D1E600C197F91CC57F736C98 /* ConversationToolingTests.swift in Sources */ = {isa = PBXBuildFile; fileRef = EA799545FCC5860AE8ABB192 /* ConversationToolingTests.swift */; };
		D2753CF3C10A84C09DA1B907 /* KanbanBoardViewModelTests.swift in Sources */ = {isa = PBXBuildFile; fileRef = 13F8429CA0C859E3E79DDEEA /* KanbanBoardViewModelTests.swift */; };
		D82BFF6EBCBB2A7B6D1B0C11 /* U4DashboardUITests.swift in Sources */ = {isa = PBXBuildFile; fileRef = 1896CA7B98299D932622EE4A /* U4DashboardUITests.swift */; };
		D9DC730BEE5131BE4CDFB4B2 /* PrivacyInfo.xcprivacy in Resources */ = {isa = PBXBuildFile; fileRef = D8DE26D4BAD2C7D97E451973 /* PrivacyInfo.xcprivacy */; };
		DEA04FB333232EAAE82C9AD7 /* R9ManagementPanesUITests.swift in Sources */ = {isa = PBXBuildFile; fileRef = 69C593000BFB095D711C803E /* R9ManagementPanesUITests.swift */; };
		E068680EB7D3C89322F99764 /* R10AttachmentTrayUITests.swift in Sources */ = {isa = PBXBuildFile; fileRef = 3B326FB606E259B0116F2F6D /* R10AttachmentTrayUITests.swift */; };
		E11564C663A832D24FFDC972 /* C2SetupPromptUITests.swift in Sources */ = {isa = PBXBuildFile; fileRef = 170055003D9EF98D50EDBA27 /* C2SetupPromptUITests.swift */; };
		E240413C0BAEE6F045C82516 /* FOS8AccessibilityUITests.swift in Sources */ = {isa = PBXBuildFile; fileRef = F494D99AE21673F68B1CAF3C /* FOS8AccessibilityUITests.swift */; };
		E29151249F23732E5B908F41 /* AssistantRichTextTests.swift in Sources */ = {isa = PBXBuildFile; fileRef = 8EAE2F40450E24D88B169D4C /* AssistantRichTextTests.swift */; };
		E966FB2E068DD8CF603A349B /* L1LiveGatewayUITests.swift in Sources */ = {isa = PBXBuildFile; fileRef = 7D4F9B97BE138E2E91D5F991 /* L1LiveGatewayUITests.swift */; };
		EC633F89B6F3E540C837E1A2 /* RT4FormSaveFailureUITests.swift in Sources */ = {isa = PBXBuildFile; fileRef = C16ABB40EB8195A89AAF2A6C /* RT4FormSaveFailureUITests.swift */; };
		EC7BD27669199B145DE0E55C /* Issue4SlashSkillUITests.swift in Sources */ = {isa = PBXBuildFile; fileRef = 5F5C7B4AC06BE3E3829F5BE1 /* Issue4SlashSkillUITests.swift */; };
		EF2CF38F42256207E850B8AE /* H1AppLockUITests.swift in Sources */ = {isa = PBXBuildFile; fileRef = 0A0A14C6077626C1CE583542 /* H1AppLockUITests.swift */; };
		F14069A7319C17D2D0651D4F /* RT4VoiceOverUITests.swift in Sources */ = {isa = PBXBuildFile; fileRef = 84817A22FDC16B5FCACA9EC9 /* RT4VoiceOverUITests.swift */; };
		F15AFD9E9FD86C2FEBD2747F /* BotsPresenceSyncUITests.swift in Sources */ = {isa = PBXBuildFile; fileRef = BB6E5C03C9C964E31771BA70 /* BotsPresenceSyncUITests.swift */; };
		F28C26E53888FB9210E67B8A /* KanbanBoardUITests.swift in Sources */ = {isa = PBXBuildFile; fileRef = 5C9936C1305F593BCAEC3276 /* KanbanBoardUITests.swift */; };
		F37E76F893963CDB1E25D544 /* FleetServiceGraph.swift in Sources */ = {isa = PBXBuildFile; fileRef = F213C8A79CE4B10E5F26F3C5 /* FleetServiceGraph.swift */; };
		FF65A800E51BFB978AB9E01E /* GatewaySessionInvalidationTests.swift in Sources */ = {isa = PBXBuildFile; fileRef = 3A379F56088FBE836601ECB7 /* GatewaySessionInvalidationTests.swift */; };
/* End PBXBuildFile section */

/* Begin PBXContainerItemProxy section */
		9A46EF41D88C0A1CBA99774D /* PBXContainerItemProxy */ = {
			isa = PBXContainerItemProxy;
			containerPortal = 82F931C576494708208BD587 /* Project object */;
			proxyType = 1;
			remoteGlobalIDString = 9A6AD1F4D6B0B207E73A83F6;
			remoteInfo = HermesFleetApp;
		};
		D8B0A719B73C4D6730AD440A /* PBXContainerItemProxy */ = {
			isa = PBXContainerItemProxy;
			containerPortal = 82F931C576494708208BD587 /* Project object */;
			proxyType = 1;
			remoteGlobalIDString = 9A6AD1F4D6B0B207E73A83F6;
			remoteInfo = HermesFleetApp;
		};
/* End PBXContainerItemProxy section */

/* Begin PBXCopyFilesBuildPhase section */
		B24C9BEAA570FA1C33BD3C4A /* Embed Frameworks */ = {
			isa = PBXCopyFilesBuildPhase;
			buildActionMask = 2147483647;
			dstPath = "";
			dstSubfolderSpec = 10;
			files = (
				2124BF58AC0F41E31FE07DC5 /* TailscaleKit.xcframework in Embed Frameworks */,
			);
			name = "Embed Frameworks";
			runOnlyForDeploymentPostprocessing = 0;
		};
/* End PBXCopyFilesBuildPhase section */

/* Begin PBXFileReference section */
		02051CCBDDB3B2B3EB475B61 /* BotsPresenceSyncTests.swift */ = {isa = PBXFileReference; lastKnownFileType = sourcecode.swift; path = BotsPresenceSyncTests.swift; sourceTree = "<group>"; };
		023100E301731FB65176A167 /* B1LiveBoardPickerUITests.swift */ = {isa = PBXFileReference; lastKnownFileType = sourcecode.swift; path = B1LiveBoardPickerUITests.swift; sourceTree = "<group>"; };
		0507B28E7DB64CC4AC0DDDF4 /* BotAvatarSourcesUITests.swift */ = {isa = PBXFileReference; lastKnownFileType = sourcecode.swift; path = BotAvatarSourcesUITests.swift; sourceTree = "<group>"; };
		068164FABF60AF462ACB6CA2 /* OnboardingPromptTests.swift */ = {isa = PBXFileReference; lastKnownFileType = sourcecode.swift; path = OnboardingPromptTests.swift; sourceTree = "<group>"; };
		07655520ABEDB2077F32D167 /* HermesFleetReconnectUITests.swift */ = {isa = PBXFileReference; lastKnownFileType = sourcecode.swift; path = HermesFleetReconnectUITests.swift; sourceTree = "<group>"; };
		0A0A14C6077626C1CE583542 /* H1AppLockUITests.swift */ = {isa = PBXFileReference; lastKnownFileType = sourcecode.swift; path = H1AppLockUITests.swift; sourceTree = "<group>"; };
		0A603A8D0B8049916523C335 /* AppLockProviders.swift */ = {isa = PBXFileReference; lastKnownFileType = sourcecode.swift; path = AppLockProviders.swift; sourceTree = "<group>"; };
		0AF95D840A084BE9C9CAD33C /* RoomLinkMentionsUITests.swift */ = {isa = PBXFileReference; lastKnownFileType = sourcecode.swift; path = RoomLinkMentionsUITests.swift; sourceTree = "<group>"; };
		0D4835804962F3C2C39A75BE /* F1TwoGatewayFleetLiveUITests.swift */ = {isa = PBXFileReference; lastKnownFileType = sourcecode.swift; path = F1TwoGatewayFleetLiveUITests.swift; sourceTree = "<group>"; };
		0E4A0FF7E8350A8E2BA6F853 /* RoomChatUITests.swift */ = {isa = PBXFileReference; lastKnownFileType = sourcecode.swift; path = RoomChatUITests.swift; sourceTree = "<group>"; };
		0EDD0C9EA5DA66D6FA4D2F1C /* F1FailureCopyTests.swift */ = {isa = PBXFileReference; lastKnownFileType = sourcecode.swift; path = F1FailureCopyTests.swift; sourceTree = "<group>"; };
		0F3B4DCFA36A97723EE623AB /* FleetCore */ = {isa = PBXFileReference; lastKnownFileType = folder; name = FleetCore; path = Packages/FleetCore; sourceTree = SOURCE_ROOT; };
		10E6E3D880ED0ED902488681 /* U5BotDetailUITests.swift */ = {isa = PBXFileReference; lastKnownFileType = sourcecode.swift; path = U5BotDetailUITests.swift; sourceTree = "<group>"; };
		1300690CB61519FB78BBE445 /* R10MemoryGraphEditUITests.swift */ = {isa = PBXFileReference; lastKnownFileType = sourcecode.swift; path = R10MemoryGraphEditUITests.swift; sourceTree = "<group>"; };
		1303DE34C9E089CD3D7C0CFD /* EmbeddedTailnetUITests.swift */ = {isa = PBXFileReference; lastKnownFileType = sourcecode.swift; path = EmbeddedTailnetUITests.swift; sourceTree = "<group>"; };
		13F8429CA0C859E3E79DDEEA /* KanbanBoardViewModelTests.swift */ = {isa = PBXFileReference; lastKnownFileType = sourcecode.swift; path = KanbanBoardViewModelTests.swift; sourceTree = "<group>"; };
		1493BE85176762EA67892033 /* ATSExceptionDriftTests.swift */ = {isa = PBXFileReference; lastKnownFileType = sourcecode.swift; path = ATSExceptionDriftTests.swift; sourceTree = "<group>"; };
		170055003D9EF98D50EDBA27 /* C2SetupPromptUITests.swift */ = {isa = PBXFileReference; lastKnownFileType = sourcecode.swift; path = C2SetupPromptUITests.swift; sourceTree = "<group>"; };
		171DB809769D21B3E41B0561 /* SplashOverlayView.swift */ = {isa = PBXFileReference; lastKnownFileType = sourcecode.swift; path = SplashOverlayView.swift; sourceTree = "<group>"; };
		1896CA7B98299D932622EE4A /* U4DashboardUITests.swift */ = {isa = PBXFileReference; lastKnownFileType = sourcecode.swift; path = U4DashboardUITests.swift; sourceTree = "<group>"; };
		19C1AEAA48F89379DD80DE31 /* BotRoutinesUITests.swift */ = {isa = PBXFileReference; lastKnownFileType = sourcecode.swift; path = BotRoutinesUITests.swift; sourceTree = "<group>"; };
		21D1C48B297C70782863ECDB /* R9ConversationToolingUITests.swift */ = {isa = PBXFileReference; lastKnownFileType = sourcecode.swift; path = R9ConversationToolingUITests.swift; sourceTree = "<group>"; };
		2380AC190371692E170A3C23 /* FleetSimulator.swift */ = {isa = PBXFileReference; lastKnownFileType = sourcecode.swift; path = FleetSimulator.swift; sourceTree = "<group>"; };
		260BB18804C7394A2D1C217E /* FleetNetworking */ = {isa = PBXFileReference; lastKnownFileType = folder; name = FleetNetworking; path = Packages/FleetNetworking; sourceTree = SOURCE_ROOT; };
		261A5784C89B6D7B55044B5F /* ProjectsSnapshotStoreTests.swift */ = {isa = PBXFileReference; lastKnownFileType = sourcecode.swift; path = ProjectsSnapshotStoreTests.swift; sourceTree = "<group>"; };
		2627C9CB0E1C1E3476D9EB00 /* ConversationVoiceViewModelTests.swift */ = {isa = PBXFileReference; lastKnownFileType = sourcecode.swift; path = ConversationVoiceViewModelTests.swift; sourceTree = "<group>"; };
		2665E4FCB09B0635D33648DF /* Tailscale-LICENSE.txt */ = {isa = PBXFileReference; lastKnownFileType = text; path = "Tailscale-LICENSE.txt"; sourceTree = "<group>"; };
		26665EB6ED4AAD8BAA2065F0 /* AttachmentStagingViewModelTests.swift */ = {isa = PBXFileReference; lastKnownFileType = sourcecode.swift; path = AttachmentStagingViewModelTests.swift; sourceTree = "<group>"; };
		289566529F99173DE8015AB1 /* F2QRPairingUITests.swift */ = {isa = PBXFileReference; lastKnownFileType = sourcecode.swift; path = F2QRPairingUITests.swift; sourceTree = "<group>"; };
		2B40ECEBBFB0680B0EA13A70 /* P3FixLoopbackGatewayUITests.swift */ = {isa = PBXFileReference; lastKnownFileType = sourcecode.swift; path = P3FixLoopbackGatewayUITests.swift; sourceTree = "<group>"; };
		2F175C052AB3C3EE845F70CD /* B1LiveBoardSelectorDeviceTests.swift */ = {isa = PBXFileReference; lastKnownFileType = sourcecode.swift; path = B1LiveBoardSelectorDeviceTests.swift; sourceTree = "<group>"; };
		3069E03CD70BDCC3377C0D75 /* SplashConfigurationTests.swift */ = {isa = PBXFileReference; lastKnownFileType = sourcecode.swift; path = SplashConfigurationTests.swift; sourceTree = "<group>"; };
		34781F74AFD460D82B873234 /* RT4RosterEmptyStateUITests.swift */ = {isa = PBXFileReference; lastKnownFileType = sourcecode.swift; path = RT4RosterEmptyStateUITests.swift; sourceTree = "<group>"; };
		3546FEEB00788521C78346D3 /* TailscaleKit.xcframework */ = {isa = PBXFileReference; lastKnownFileType = wrapper.xcframework; name = TailscaleKit.xcframework; path = Vendor/TailscaleKit.xcframework; sourceTree = "<group>"; };
		35C9E0A36254E87C0AD1A304 /* Issue5StreamingRichTextUITests.swift */ = {isa = PBXFileReference; lastKnownFileType = sourcecode.swift; path = Issue5StreamingRichTextUITests.swift; sourceTree = "<group>"; };
		35E6CE9927E15E78239C062A /* UnconfiguredGateways.swift */ = {isa = PBXFileReference; lastKnownFileType = sourcecode.swift; path = UnconfiguredGateways.swift; sourceTree = "<group>"; };
		36A4B24E61526D2294992BD2 /* U3TabNavigationUITests.swift */ = {isa = PBXFileReference; lastKnownFileType = sourcecode.swift; path = U3TabNavigationUITests.swift; sourceTree = "<group>"; };
		36C8FF9C0F1DD56F846961BD /* TailscaleKitDriver.swift */ = {isa = PBXFileReference; lastKnownFileType = sourcecode.swift; path = TailscaleKitDriver.swift; sourceTree = "<group>"; };
		36FAEE832413ACBA6AF7F206 /* VoiceIO.swift */ = {isa = PBXFileReference; lastKnownFileType = sourcecode.swift; path = VoiceIO.swift; sourceTree = "<group>"; };
		3859B6C20A589CAB18C8B040 /* FleetChatsWiringGuardTests.swift */ = {isa = PBXFileReference; lastKnownFileType = sourcecode.swift; path = FleetChatsWiringGuardTests.swift; sourceTree = "<group>"; };
		3A379F56088FBE836601ECB7 /* GatewaySessionInvalidationTests.swift */ = {isa = PBXFileReference; lastKnownFileType = sourcecode.swift; path = GatewaySessionInvalidationTests.swift; sourceTree = "<group>"; };
		3B326FB606E259B0116F2F6D /* R10AttachmentTrayUITests.swift */ = {isa = PBXFileReference; lastKnownFileType = sourcecode.swift; path = R10AttachmentTrayUITests.swift; sourceTree = "<group>"; };
		3C448C88190523F3B23998EC /* BotRoutinesViewModelTests.swift */ = {isa = PBXFileReference; lastKnownFileType = sourcecode.swift; path = BotRoutinesViewModelTests.swift; sourceTree = "<group>"; };
		3EE8C3BBEDA9501678CC9D24 /* RT4LogicRegressionTests.swift */ = {isa = PBXFileReference; lastKnownFileType = sourcecode.swift; path = RT4LogicRegressionTests.swift; sourceTree = "<group>"; };
		3F88573D747272E04066317D /* SplashUITests.swift */ = {isa = PBXFileReference; lastKnownFileType = sourcecode.swift; path = SplashUITests.swift; sourceTree = "<group>"; };
		44C074CE45D0B5E88EB78568 /* T2FixTailnetGatewayUITests.swift */ = {isa = PBXFileReference; lastKnownFileType = sourcecode.swift; path = T2FixTailnetGatewayUITests.swift; sourceTree = "<group>"; };
		4799DB925C4D9935D2DD7D21 /* InProcessWebSocketServer.swift */ = {isa = PBXFileReference; lastKnownFileType = sourcecode.swift; path = InProcessWebSocketServer.swift; sourceTree = "<group>"; };
		484982E3D802092C667BDF10 /* FleetCoreLogicTests.swift */ = {isa = PBXFileReference; lastKnownFileType = sourcecode.swift; path = FleetCoreLogicTests.swift; sourceTree = "<group>"; };
		501E486750093968F32F0092 /* UITabNavigation.swift */ = {isa = PBXFileReference; lastKnownFileType = sourcecode.swift; path = UITabNavigation.swift; sourceTree = "<group>"; };
		53074EB2159A1156DFDF11FD /* ProjectsBrowserTests.swift */ = {isa = PBXFileReference; lastKnownFileType = sourcecode.swift; path = ProjectsBrowserTests.swift; sourceTree = "<group>"; };
		5637DB7B24B46E1A35E0B3ED /* HermesFleetHappyPathUITests.swift */ = {isa = PBXFileReference; lastKnownFileType = sourcecode.swift; path = HermesFleetHappyPathUITests.swift; sourceTree = "<group>"; };
		57784BC2C1A8BD4D890F4D33 /* R10MessageReactionsUITests.swift */ = {isa = PBXFileReference; lastKnownFileType = sourcecode.swift; path = R10MessageReactionsUITests.swift; sourceTree = "<group>"; };
		5A0DB1D96996A146D5EC96A8 /* ManagementPanesViewModelTests.swift */ = {isa = PBXFileReference; lastKnownFileType = sourcecode.swift; path = ManagementPanesViewModelTests.swift; sourceTree = "<group>"; };
		5AE013E4BDC8AF9FA7B7A6BB /* BotChatTapUITests.swift */ = {isa = PBXFileReference; lastKnownFileType = sourcecode.swift; path = BotChatTapUITests.swift; sourceTree = "<group>"; };
		5BEEFC0BD1DC4133FB63310C /* ConversationFixtureLoopTests.swift */ = {isa = PBXFileReference; lastKnownFileType = sourcecode.swift; path = ConversationFixtureLoopTests.swift; sourceTree = "<group>"; };
		5C9936C1305F593BCAEC3276 /* KanbanBoardUITests.swift */ = {isa = PBXFileReference; lastKnownFileType = sourcecode.swift; path = KanbanBoardUITests.swift; sourceTree = "<group>"; };
		5D495B5F007AFCD4FA441BD1 /* FleetSecurity */ = {isa = PBXFileReference; lastKnownFileType = folder; name = FleetSecurity; path = Packages/FleetSecurity; sourceTree = SOURCE_ROOT; };
		5E135D8699F0110CA5792B32 /* R10ProjectsBrowserUITests.swift */ = {isa = PBXFileReference; lastKnownFileType = sourcecode.swift; path = R10ProjectsBrowserUITests.swift; sourceTree = "<group>"; };
		5EB7D7B5572E537B3CCA3553 /* U6ConversationSkinTests.swift */ = {isa = PBXFileReference; lastKnownFileType = sourcecode.swift; path = U6ConversationSkinTests.swift; sourceTree = "<group>"; };
		5F5C7B4AC06BE3E3829F5BE1 /* Issue4SlashSkillUITests.swift */ = {isa = PBXFileReference; lastKnownFileType = sourcecode.swift; path = Issue4SlashSkillUITests.swift; sourceTree = "<group>"; };
		611B38ADDEA10100322CB58F /* FOS2GatewayScopingTests.swift */ = {isa = PBXFileReference; lastKnownFileType = sourcecode.swift; path = FOS2GatewayScopingTests.swift; sourceTree = "<group>"; };
		6251706D24B255852E521AEB /* MessageReactionsViewModelTests.swift */ = {isa = PBXFileReference; lastKnownFileType = sourcecode.swift; path = MessageReactionsViewModelTests.swift; sourceTree = "<group>"; };
		65CA49DCCE4D28E086A7ABE5 /* FOS2GatewayDetailUITests.swift */ = {isa = PBXFileReference; lastKnownFileType = sourcecode.swift; path = FOS2GatewayDetailUITests.swift; sourceTree = "<group>"; };
		6676D110095F10C4FB78A5A9 /* R9MemoryGraphUITests.swift */ = {isa = PBXFileReference; lastKnownFileType = sourcecode.swift; path = R9MemoryGraphUITests.swift; sourceTree = "<group>"; };
		66AF4A028601A68EE4122718 /* SimulatorCreateFlowTests.swift */ = {isa = PBXFileReference; lastKnownFileType = sourcecode.swift; path = SimulatorCreateFlowTests.swift; sourceTree = "<group>"; };
		69C593000BFB095D711C803E /* R9ManagementPanesUITests.swift */ = {isa = PBXFileReference; lastKnownFileType = sourcecode.swift; path = R9ManagementPanesUITests.swift; sourceTree = "<group>"; };
		6A13AE51B5D6BF2B4E2910E4 /* BotManagementTests.swift */ = {isa = PBXFileReference; lastKnownFileType = sourcecode.swift; path = BotManagementTests.swift; sourceTree = "<group>"; };
		6D90045CBBDD428E6A7A297D /* EmbeddedTailscaleAdapterTests.swift */ = {isa = PBXFileReference; lastKnownFileType = sourcecode.swift; path = EmbeddedTailscaleAdapterTests.swift; sourceTree = "<group>"; };
		72D50BC1E3E15365C2D66ED2 /* FleetChatsPresentationTests.swift */ = {isa = PBXFileReference; lastKnownFileType = sourcecode.swift; path = FleetChatsPresentationTests.swift; sourceTree = "<group>"; };
		73276D7D335DD1FFAF4D238A /* P2GatewayFormDraftUITests.swift */ = {isa = PBXFileReference; lastKnownFileType = sourcecode.swift; path = P2GatewayFormDraftUITests.swift; sourceTree = "<group>"; };
		743944B9CB1507020C1B2A8C /* AppEnvironmentTests.swift */ = {isa = PBXFileReference; lastKnownFileType = sourcecode.swift; path = AppEnvironmentTests.swift; sourceTree = "<group>"; };
		745ADDE165B902910C38E299 /* Assets.xcassets */ = {isa = PBXFileReference; lastKnownFileType = folder.assetcatalog; path = Assets.xcassets; sourceTree = "<group>"; };
		74C2D0202C4833017A3A976A /* BotRosterSlice2UITests.swift */ = {isa = PBXFileReference; lastKnownFileType = sourcecode.swift; path = BotRosterSlice2UITests.swift; sourceTree = "<group>"; };
		759E66BA6CE87E9995080C1D /* BotAvatarRendererAndControlsTests.swift */ = {isa = PBXFileReference; lastKnownFileType = sourcecode.swift; path = BotAvatarRendererAndControlsTests.swift; sourceTree = "<group>"; };
		7D4F9B97BE138E2E91D5F991 /* L1LiveGatewayUITests.swift */ = {isa = PBXFileReference; lastKnownFileType = sourcecode.swift; path = L1LiveGatewayUITests.swift; sourceTree = "<group>"; };
		7F8603AE7421818EC9CFA200 /* HermesFleetAppTests.xctest */ = {isa = PBXFileReference; includeInIndex = 0; lastKnownFileType = wrapper.cfbundle; path = HermesFleetAppTests.xctest; sourceTree = BUILT_PRODUCTS_DIR; };
		81A1A63C6F0F29A8454980F6 /* H2HealthDashboardUITests.swift */ = {isa = PBXFileReference; lastKnownFileType = sourcecode.swift; path = H2HealthDashboardUITests.swift; sourceTree = "<group>"; };
		83B1156EFB5904085409E071 /* CrossGatewayRoomSetupTests.swift */ = {isa = PBXFileReference; lastKnownFileType = sourcecode.swift; path = CrossGatewayRoomSetupTests.swift; sourceTree = "<group>"; };
		84817A22FDC16B5FCACA9EC9 /* RT4VoiceOverUITests.swift */ = {isa = PBXFileReference; lastKnownFileType = sourcecode.swift; path = RT4VoiceOverUITests.swift; sourceTree = "<group>"; };
		87630C3BE4D4DB8BDDE8C7A5 /* KanbanBoardSelectorViewModelTests.swift */ = {isa = PBXFileReference; lastKnownFileType = sourcecode.swift; path = KanbanBoardSelectorViewModelTests.swift; sourceTree = "<group>"; };
		8E4B9CA2708C4F6346F45A41 /* R10VoiceUITests.swift */ = {isa = PBXFileReference; lastKnownFileType = sourcecode.swift; path = R10VoiceUITests.swift; sourceTree = "<group>"; };
		8EAE2F40450E24D88B169D4C /* AssistantRichTextTests.swift */ = {isa = PBXFileReference; lastKnownFileType = sourcecode.swift; path = AssistantRichTextTests.swift; sourceTree = "<group>"; };
		90F4785CD8BD260DF07E65DF /* R9ApprovalBannerUITests.swift */ = {isa = PBXFileReference; lastKnownFileType = sourcecode.swift; path = R9ApprovalBannerUITests.swift; sourceTree = "<group>"; };
		90F68797AD9C57818CDC7085 /* FOS4TruthfulHomeTests.swift */ = {isa = PBXFileReference; lastKnownFileType = sourcecode.swift; path = FOS4TruthfulHomeTests.swift; sourceTree = "<group>"; };
		920D165DE93AC52EACD9A21C /* SecondGenerationUITests.swift */ = {isa = PBXFileReference; lastKnownFileType = sourcecode.swift; path = SecondGenerationUITests.swift; sourceTree = "<group>"; };
		99AA8C731B1E831A652CE505 /* BotAvatarAppearanceUITests.swift */ = {isa = PBXFileReference; lastKnownFileType = sourcecode.swift; path = BotAvatarAppearanceUITests.swift; sourceTree = "<group>"; };
		9A05382B633430B51638CBE2 /* FleetWing.icon */ = {isa = PBXFileReference; lastKnownFileType = wrapper.icon; path = FleetWing.icon; sourceTree = "<group>"; };
		9B14422ADBAE78872C49B68E /* RoomChatViewModelTests.swift */ = {isa = PBXFileReference; lastKnownFileType = sourcecode.swift; path = RoomChatViewModelTests.swift; sourceTree = "<group>"; };
		9BAF2911DD7A9A273ED1D5D2 /* FleetComponentsTests.swift */ = {isa = PBXFileReference; lastKnownFileType = sourcecode.swift; path = FleetComponentsTests.swift; sourceTree = "<group>"; };
		9BFB8B62011CAC7842EF9DFE /* SessionPreviewTextTests.swift */ = {isa = PBXFileReference; lastKnownFileType = sourcecode.swift; path = SessionPreviewTextTests.swift; sourceTree = "<group>"; };
		9D049EEAAB53A7AB714E7F2B /* FOS3FourRootShellUITests.swift */ = {isa = PBXFileReference; lastKnownFileType = sourcecode.swift; path = FOS3FourRootShellUITests.swift; sourceTree = "<group>"; };
		A3998D65A904F4FE0DAB35A4 /* ChatsSessionFreshnessTests.swift */ = {isa = PBXFileReference; lastKnownFileType = sourcecode.swift; path = ChatsSessionFreshnessTests.swift; sourceTree = "<group>"; };
		A6325589D12BB7792035231F /* P0_7LiveTailnetUITests.swift */ = {isa = PBXFileReference; lastKnownFileType = sourcecode.swift; path = P0_7LiveTailnetUITests.swift; sourceTree = "<group>"; };
		A9B8E7BB7DE1F553B7F2B2D6 /* U7GatewayQrLockSettingsUITests.swift */ = {isa = PBXFileReference; lastKnownFileType = sourcecode.swift; path = U7GatewayQrLockSettingsUITests.swift; sourceTree = "<group>"; };
		AA0788C641C3AD0C32972980 /* RT2RemovalAndEndpointSanitizationUITests.swift */ = {isa = PBXFileReference; lastKnownFileType = sourcecode.swift; path = RT2RemovalAndEndpointSanitizationUITests.swift; sourceTree = "<group>"; };
		AB9D5A666BBC20E8D5453331 /* HermesFleetAppUITests.xctest */ = {isa = PBXFileReference; includeInIndex = 0; lastKnownFileType = wrapper.cfbundle; path = HermesFleetAppUITests.xctest; sourceTree = BUILT_PRODUCTS_DIR; };
		AF524BB131167B4F4E65D756 /* UITestLaunchSupport.swift */ = {isa = PBXFileReference; lastKnownFileType = sourcecode.swift; path = UITestLaunchSupport.swift; sourceTree = "<group>"; };
		AF7AEF616FC2AC811EB7B575 /* H2SurfaceDoctorDeviceTests.swift */ = {isa = PBXFileReference; lastKnownFileType = sourcecode.swift; path = H2SurfaceDoctorDeviceTests.swift; sourceTree = "<group>"; };
		B066A503BF426E07D5165863 /* FleetSettingsAccentUITests.swift */ = {isa = PBXFileReference; lastKnownFileType = sourcecode.swift; path = FleetSettingsAccentUITests.swift; sourceTree = "<group>"; };
		B20AB484DBACFFEEC06179C2 /* P0_7SessionStateMachineUITests.swift */ = {isa = PBXFileReference; lastKnownFileType = sourcecode.swift; path = P0_7SessionStateMachineUITests.swift; sourceTree = "<group>"; };
		B2707339B7AA75D01175558E /* F1LiveATSProbeTests.swift */ = {isa = PBXFileReference; lastKnownFileType = sourcecode.swift; path = F1LiveATSProbeTests.swift; sourceTree = "<group>"; };
		B7188482A02E39F8F27E9916 /* ConnectionLifecycleIntentTests.swift */ = {isa = PBXFileReference; lastKnownFileType = sourcecode.swift; path = ConnectionLifecycleIntentTests.swift; sourceTree = "<group>"; };
		BB6E5C03C9C964E31771BA70 /* BotsPresenceSyncUITests.swift */ = {isa = PBXFileReference; lastKnownFileType = sourcecode.swift; path = BotsPresenceSyncUITests.swift; sourceTree = "<group>"; };
		BC9677ED749D08C0E0F64121 /* L1FixLiveGatewayUITests.swift */ = {isa = PBXFileReference; lastKnownFileType = sourcecode.swift; path = L1FixLiveGatewayUITests.swift; sourceTree = "<group>"; };
		BD81D83119A185906F3FABB8 /* GatewayPersistenceRelaunchTests.swift */ = {isa = PBXFileReference; lastKnownFileType = sourcecode.swift; path = GatewayPersistenceRelaunchTests.swift; sourceTree = "<group>"; };
		BE9D6EB7DC0A6113FF880570 /* HermesFleetApp.app */ = {isa = PBXFileReference; includeInIndex = 0; lastKnownFileType = wrapper.application; path = HermesFleetApp.app; sourceTree = BUILT_PRODUCTS_DIR; };
		C0AFEA3FBD054A724A5F5139 /* F2PairingApplyTests.swift */ = {isa = PBXFileReference; lastKnownFileType = sourcecode.swift; path = F2PairingApplyTests.swift; sourceTree = "<group>"; };
		C16ABB40EB8195A89AAF2A6C /* RT4FormSaveFailureUITests.swift */ = {isa = PBXFileReference; lastKnownFileType = sourcecode.swift; path = RT4FormSaveFailureUITests.swift; sourceTree = "<group>"; };
		C23982F7FEC22CBC94FB2AAB /* ConversationViewModelTests.swift */ = {isa = PBXFileReference; lastKnownFileType = sourcecode.swift; path = ConversationViewModelTests.swift; sourceTree = "<group>"; };
		C51A842AB1D50CCE28F36D1E /* BotPetAvatarUITests.swift */ = {isa = PBXFileReference; lastKnownFileType = sourcecode.swift; path = BotPetAvatarUITests.swift; sourceTree = "<group>"; };
		C5B652485831E5050A35169A /* ApprovalFlowTests.swift */ = {isa = PBXFileReference; lastKnownFileType = sourcecode.swift; path = ApprovalFlowTests.swift; sourceTree = "<group>"; };
		CA4B15B3C49C6C5FA5F888B9 /* F4FirstRunGateUITests.swift */ = {isa = PBXFileReference; lastKnownFileType = sourcecode.swift; path = F4FirstRunGateUITests.swift; sourceTree = "<group>"; };
		CC92C6F059D5190CD44A6FB7 /* LaunchScreen.storyboard */ = {isa = PBXFileReference; lastKnownFileType = file.storyboard; path = LaunchScreen.storyboard; sourceTree = "<group>"; };
		CE6BC2110F398CBC54DBCF8A /* GatewayFormDraftStoreTests.swift */ = {isa = PBXFileReference; lastKnownFileType = sourcecode.swift; path = GatewayFormDraftStoreTests.swift; sourceTree = "<group>"; };
		CEA14D54A4EAB999E0168F92 /* FOS5BotsGroupsChatsUITests.swift */ = {isa = PBXFileReference; lastKnownFileType = sourcecode.swift; path = FOS5BotsGroupsChatsUITests.swift; sourceTree = "<group>"; };
		D0D954AF4C3E20AAF3DA5B4F /* FleetThemeTests.swift */ = {isa = PBXFileReference; lastKnownFileType = sourcecode.swift; path = FleetThemeTests.swift; sourceTree = "<group>"; };
		D337F869D057A934E90AF5FD /* MemoryGraphTests.swift */ = {isa = PBXFileReference; lastKnownFileType = sourcecode.swift; path = MemoryGraphTests.swift; sourceTree = "<group>"; };
		D5CE67029BF123907966D4C2 /* ModuleBoundaryTests.swift */ = {isa = PBXFileReference; lastKnownFileType = sourcecode.swift; path = ModuleBoundaryTests.swift; sourceTree = "<group>"; };
		D7476BD8D66AF84CF099DA07 /* FOS5BotsGroupsChatsTests.swift */ = {isa = PBXFileReference; lastKnownFileType = sourcecode.swift; path = FOS5BotsGroupsChatsTests.swift; sourceTree = "<group>"; };
		D8AD8785E7085FFB646B0A9C /* FleetUI */ = {isa = PBXFileReference; lastKnownFileType = folder; name = FleetUI; path = Packages/FleetUI; sourceTree = SOURCE_ROOT; };
		D8DE26D4BAD2C7D97E451973 /* PrivacyInfo.xcprivacy */ = {isa = PBXFileReference; path = PrivacyInfo.xcprivacy; sourceTree = "<group>"; };
		D8DF5B94BC0B059D55DDF707 /* ScriptedCreateFlowTests.swift */ = {isa = PBXFileReference; lastKnownFileType = sourcecode.swift; path = ScriptedCreateFlowTests.swift; sourceTree = "<group>"; };
		DE435C9B85312695131CC209 /* FleetPersistence */ = {isa = PBXFileReference; lastKnownFileType = folder; name = FleetPersistence; path = Packages/FleetPersistence; sourceTree = SOURCE_ROOT; };
		E355C0C291D253CB607D22B0 /* FOS8RoomLinkRecoveryTests.swift */ = {isa = PBXFileReference; lastKnownFileType = sourcecode.swift; path = FOS8RoomLinkRecoveryTests.swift; sourceTree = "<group>"; };
		E3BA69A7CC0AA2466F1FD5E8 /* RoomLinkViewModelTests.swift */ = {isa = PBXFileReference; lastKnownFileType = sourcecode.swift; path = RoomLinkViewModelTests.swift; sourceTree = "<group>"; };
		E70AC6557D0E8E55FB00F295 /* FleetDashboardFormattingTests.swift */ = {isa = PBXFileReference; lastKnownFileType = sourcecode.swift; path = FleetDashboardFormattingTests.swift; sourceTree = "<group>"; };
		E7F6E782B2770F110FAB14A9 /* AppCompositionTests.swift */ = {isa = PBXFileReference; lastKnownFileType = sourcecode.swift; path = AppCompositionTests.swift; sourceTree = "<group>"; };
		EA314A289DB06BFD6157CC65 /* FOS3FourRootShellTests.swift */ = {isa = PBXFileReference; lastKnownFileType = sourcecode.swift; path = FOS3FourRootShellTests.swift; sourceTree = "<group>"; };
		EA799545FCC5860AE8ABB192 /* ConversationToolingTests.swift */ = {isa = PBXFileReference; lastKnownFileType = sourcecode.swift; path = ConversationToolingTests.swift; sourceTree = "<group>"; };
		EAA506D7F4BC4CAA5FA1860A /* P3FixLANGatewayUITests.swift */ = {isa = PBXFileReference; lastKnownFileType = sourcecode.swift; path = P3FixLANGatewayUITests.swift; sourceTree = "<group>"; };
		EABD5C7E2F6A5874DAF05C6C /* F3OnboardingUITests.swift */ = {isa = PBXFileReference; lastKnownFileType = sourcecode.swift; path = F3OnboardingUITests.swift; sourceTree = "<group>"; };
		EBAFAC9427FB277EA0C2D8B4 /* GatewayRoomProviders.swift */ = {isa = PBXFileReference; lastKnownFileType = sourcecode.swift; path = GatewayRoomProviders.swift; sourceTree = "<group>"; };
		EDE9F3433AB9801F7F1C6998 /* BotPetAvatarTests.swift */ = {isa = PBXFileReference; lastKnownFileType = sourcecode.swift; path = BotPetAvatarTests.swift; sourceTree = "<group>"; };
		EE4159F90136D3243A7471A8 /* FOS4TruthfulHomeUITests.swift */ = {isa = PBXFileReference; lastKnownFileType = sourcecode.swift; path = FOS4TruthfulHomeUITests.swift; sourceTree = "<group>"; };
		F213C8A79CE4B10E5F26F3C5 /* FleetServiceGraph.swift */ = {isa = PBXFileReference; lastKnownFileType = sourcecode.swift; path = FleetServiceGraph.swift; sourceTree = "<group>"; };
		F3B0B8CAA8D227A38EFDDE89 /* HermesFleetApp.swift */ = {isa = PBXFileReference; lastKnownFileType = sourcecode.swift; path = HermesFleetApp.swift; sourceTree = "<group>"; };
		F3E045B2C895711DCB6AC796 /* S3CleartextWarningUITests.swift */ = {isa = PBXFileReference; lastKnownFileType = sourcecode.swift; path = S3CleartextWarningUITests.swift; sourceTree = "<group>"; };
		F494D99AE21673F68B1CAF3C /* FOS8AccessibilityUITests.swift */ = {isa = PBXFileReference; lastKnownFileType = sourcecode.swift; path = FOS8AccessibilityUITests.swift; sourceTree = "<group>"; };
		F7D87954F52997464C091EED /* U6ConversationSkinUITests.swift */ = {isa = PBXFileReference; lastKnownFileType = sourcecode.swift; path = U6ConversationSkinUITests.swift; sourceTree = "<group>"; };
		FA36AEE9A145F20D7F891AD3 /* EmbeddedCompositionTests.swift */ = {isa = PBXFileReference; lastKnownFileType = sourcecode.swift; path = EmbeddedCompositionTests.swift; sourceTree = "<group>"; };
		FABC7CBF939AAF966D3C7ACD /* Info.plist */ = {isa = PBXFileReference; lastKnownFileType = text.plist; path = Info.plist; sourceTree = "<group>"; };
		FB290BD0B4FDD960F068C4F2 /* FOS6ComponentDensityUITests.swift */ = {isa = PBXFileReference; lastKnownFileType = sourcecode.swift; path = FOS6ComponentDensityUITests.swift; sourceTree = "<group>"; };
		FDC421799B33E95495AFBAD2 /* AppLockControllerTests.swift */ = {isa = PBXFileReference; lastKnownFileType = sourcecode.swift; path = AppLockControllerTests.swift; sourceTree = "<group>"; };
/* End PBXFileReference section */

/* Begin PBXFrameworksBuildPhase section */
		2A4765832A1D161F4E2675D5 /* Frameworks */ = {
			isa = PBXFrameworksBuildPhase;
			buildActionMask = 2147483647;
			files = (
				6F77F91E9CED3E054FFED81B /* TailscaleKit.xcframework in Frameworks */,
				225FA7C42C7D6F474B3EA8AA /* FleetCore in Frameworks */,
				442E27137A9A74A01B20918E /* FleetNetworking in Frameworks */,
				CBAF6553CBB3340D244FEFD5 /* FleetSecurity in Frameworks */,
				46C178598807B033656851F4 /* FleetPersistence in Frameworks */,
				4C763BDF527C3C5EFF584006 /* FleetUI in Frameworks */,
			);
			runOnlyForDeploymentPostprocessing = 0;
		};
/* End PBXFrameworksBuildPhase section */

/* Begin PBXGroup section */
		115CCE5DFAE549D2299660EC /* Packages */ = {
			isa = PBXGroup;
			children = (
				0F3B4DCFA36A97723EE623AB /* FleetCore */,
				260BB18804C7394A2D1C217E /* FleetNetworking */,
				DE435C9B85312695131CC209 /* FleetPersistence */,
				5D495B5F007AFCD4FA441BD1 /* FleetSecurity */,
				D8AD8785E7085FFB646B0A9C /* FleetUI */,
				F8EC36773AE31944E1E78CD4 /* FleetNetworking */,
			);
			path = Packages;
			sourceTree = "<group>";
		};
		3862767547AEE46547CE90DE /* Frameworks */ = {
			isa = PBXGroup;
			children = (
				3546FEEB00788521C78346D3 /* TailscaleKit.xcframework */,
			);
			name = Frameworks;
			sourceTree = "<group>";
		};
		5E6C33D7D1F8E9BE0FB6D20B /* HermesFleetAppTests */ = {
			isa = PBXGroup;
			children = (
				E7F6E782B2770F110FAB14A9 /* AppCompositionTests.swift */,
				743944B9CB1507020C1B2A8C /* AppEnvironmentTests.swift */,
				FDC421799B33E95495AFBAD2 /* AppLockControllerTests.swift */,
				C5B652485831E5050A35169A /* ApprovalFlowTests.swift */,
				8EAE2F40450E24D88B169D4C /* AssistantRichTextTests.swift */,
				1493BE85176762EA67892033 /* ATSExceptionDriftTests.swift */,
				26665EB6ED4AAD8BAA2065F0 /* AttachmentStagingViewModelTests.swift */,
				2F175C052AB3C3EE845F70CD /* B1LiveBoardSelectorDeviceTests.swift */,
				759E66BA6CE87E9995080C1D /* BotAvatarRendererAndControlsTests.swift */,
				6A13AE51B5D6BF2B4E2910E4 /* BotManagementTests.swift */,
				EDE9F3433AB9801F7F1C6998 /* BotPetAvatarTests.swift */,
				3C448C88190523F3B23998EC /* BotRoutinesViewModelTests.swift */,
				02051CCBDDB3B2B3EB475B61 /* BotsPresenceSyncTests.swift */,
				A3998D65A904F4FE0DAB35A4 /* ChatsSessionFreshnessTests.swift */,
				B7188482A02E39F8F27E9916 /* ConnectionLifecycleIntentTests.swift */,
				5BEEFC0BD1DC4133FB63310C /* ConversationFixtureLoopTests.swift */,
				EA799545FCC5860AE8ABB192 /* ConversationToolingTests.swift */,
				C23982F7FEC22CBC94FB2AAB /* ConversationViewModelTests.swift */,
				2627C9CB0E1C1E3476D9EB00 /* ConversationVoiceViewModelTests.swift */,
				83B1156EFB5904085409E071 /* CrossGatewayRoomSetupTests.swift */,
				FA36AEE9A145F20D7F891AD3 /* EmbeddedCompositionTests.swift */,
				1303DE34C9E089CD3D7C0CFD /* EmbeddedTailnetUITests.swift */,
				6D90045CBBDD428E6A7A297D /* EmbeddedTailscaleAdapterTests.swift */,
				0EDD0C9EA5DA66D6FA4D2F1C /* F1FailureCopyTests.swift */,
				B2707339B7AA75D01175558E /* F1LiveATSProbeTests.swift */,
				C0AFEA3FBD054A724A5F5139 /* F2PairingApplyTests.swift */,
				72D50BC1E3E15365C2D66ED2 /* FleetChatsPresentationTests.swift */,
				3859B6C20A589CAB18C8B040 /* FleetChatsWiringGuardTests.swift */,
				9BAF2911DD7A9A273ED1D5D2 /* FleetComponentsTests.swift */,
				484982E3D802092C667BDF10 /* FleetCoreLogicTests.swift */,
				E70AC6557D0E8E55FB00F295 /* FleetDashboardFormattingTests.swift */,
				D0D954AF4C3E20AAF3DA5B4F /* FleetThemeTests.swift */,
				611B38ADDEA10100322CB58F /* FOS2GatewayScopingTests.swift */,
				EA314A289DB06BFD6157CC65 /* FOS3FourRootShellTests.swift */,
				90F68797AD9C57818CDC7085 /* FOS4TruthfulHomeTests.swift */,
				D7476BD8D66AF84CF099DA07 /* FOS5BotsGroupsChatsTests.swift */,
				E355C0C291D253CB607D22B0 /* FOS8RoomLinkRecoveryTests.swift */,
				CE6BC2110F398CBC54DBCF8A /* GatewayFormDraftStoreTests.swift */,
				BD81D83119A185906F3FABB8 /* GatewayPersistenceRelaunchTests.swift */,
				3A379F56088FBE836601ECB7 /* GatewaySessionInvalidationTests.swift */,
				AF7AEF616FC2AC811EB7B575 /* H2SurfaceDoctorDeviceTests.swift */,
				87630C3BE4D4DB8BDDE8C7A5 /* KanbanBoardSelectorViewModelTests.swift */,
				13F8429CA0C859E3E79DDEEA /* KanbanBoardViewModelTests.swift */,
				5A0DB1D96996A146D5EC96A8 /* ManagementPanesViewModelTests.swift */,
				D337F869D057A934E90AF5FD /* MemoryGraphTests.swift */,
				6251706D24B255852E521AEB /* MessageReactionsViewModelTests.swift */,
				D5CE67029BF123907966D4C2 /* ModuleBoundaryTests.swift */,
				068164FABF60AF462ACB6CA2 /* OnboardingPromptTests.swift */,
				53074EB2159A1156DFDF11FD /* ProjectsBrowserTests.swift */,
				261A5784C89B6D7B55044B5F /* ProjectsSnapshotStoreTests.swift */,
				9B14422ADBAE78872C49B68E /* RoomChatViewModelTests.swift */,
				E3BA69A7CC0AA2466F1FD5E8 /* RoomLinkViewModelTests.swift */,
				3EE8C3BBEDA9501678CC9D24 /* RT4LogicRegressionTests.swift */,
				D8DF5B94BC0B059D55DDF707 /* ScriptedCreateFlowTests.swift */,
				9BFB8B62011CAC7842EF9DFE /* SessionPreviewTextTests.swift */,
				66AF4A028601A68EE4122718 /* SimulatorCreateFlowTests.swift */,
				3069E03CD70BDCC3377C0D75 /* SplashConfigurationTests.swift */,
				5EB7D7B5572E537B3CCA3553 /* U6ConversationSkinTests.swift */,
			);
			path = HermesFleetAppTests;
			sourceTree = "<group>";
		};
		72D736B78D6A179989F083A6 /* Tests */ = {
			isa = PBXGroup;
			children = (
				B669D28D395DFA17884DCD8C /* FleetNetworkingTests */,
			);
			path = Tests;
			sourceTree = "<group>";
		};
		7355D111D5347274DDD496EA = {
			isa = PBXGroup;
			children = (
				AF6506D798A8561D17008717 /* HermesFleetApp */,
				5E6C33D7D1F8E9BE0FB6D20B /* HermesFleetAppTests */,
				DF83902E7826FB13A48B61B9 /* HermesFleetAppUITests */,
				115CCE5DFAE549D2299660EC /* Packages */,
				3862767547AEE46547CE90DE /* Frameworks */,
				878C94A60C376FDE0447D494 /* Products */,
			);
			sourceTree = "<group>";
		};
		878C94A60C376FDE0447D494 /* Products */ = {
			isa = PBXGroup;
			children = (
				BE9D6EB7DC0A6113FF880570 /* HermesFleetApp.app */,
				7F8603AE7421818EC9CFA200 /* HermesFleetAppTests.xctest */,
				AB9D5A666BBC20E8D5453331 /* HermesFleetAppUITests.xctest */,
			);
			name = Products;
			sourceTree = "<group>";
		};
		AF6506D798A8561D17008717 /* HermesFleetApp */ = {
			isa = PBXGroup;
			children = (
				0A603A8D0B8049916523C335 /* AppLockProviders.swift */,
				745ADDE165B902910C38E299 /* Assets.xcassets */,
				F213C8A79CE4B10E5F26F3C5 /* FleetServiceGraph.swift */,
				2380AC190371692E170A3C23 /* FleetSimulator.swift */,
				9A05382B633430B51638CBE2 /* FleetWing.icon */,
				EBAFAC9427FB277EA0C2D8B4 /* GatewayRoomProviders.swift */,
				F3B0B8CAA8D227A38EFDDE89 /* HermesFleetApp.swift */,
				FABC7CBF939AAF966D3C7ACD /* Info.plist */,
				CC92C6F059D5190CD44A6FB7 /* LaunchScreen.storyboard */,
				D8DE26D4BAD2C7D97E451973 /* PrivacyInfo.xcprivacy */,
				171DB809769D21B3E41B0561 /* SplashOverlayView.swift */,
				2665E4FCB09B0635D33648DF /* Tailscale-LICENSE.txt */,
				36C8FF9C0F1DD56F846961BD /* TailscaleKitDriver.swift */,
				35E6CE9927E15E78239C062A /* UnconfiguredGateways.swift */,
				36FAEE832413ACBA6AF7F206 /* VoiceIO.swift */,
			);
			path = HermesFleetApp;
			sourceTree = "<group>";
		};
		B669D28D395DFA17884DCD8C /* FleetNetworkingTests */ = {
			isa = PBXGroup;
			children = (
				4799DB925C4D9935D2DD7D21 /* InProcessWebSocketServer.swift */,
			);
			path = FleetNetworkingTests;
			sourceTree = "<group>";
		};
		DF83902E7826FB13A48B61B9 /* HermesFleetAppUITests */ = {
			isa = PBXGroup;
			children = (
				023100E301731FB65176A167 /* B1LiveBoardPickerUITests.swift */,
				99AA8C731B1E831A652CE505 /* BotAvatarAppearanceUITests.swift */,
				0507B28E7DB64CC4AC0DDDF4 /* BotAvatarSourcesUITests.swift */,
				5AE013E4BDC8AF9FA7B7A6BB /* BotChatTapUITests.swift */,
				C51A842AB1D50CCE28F36D1E /* BotPetAvatarUITests.swift */,
				74C2D0202C4833017A3A976A /* BotRosterSlice2UITests.swift */,
				19C1AEAA48F89379DD80DE31 /* BotRoutinesUITests.swift */,
				BB6E5C03C9C964E31771BA70 /* BotsPresenceSyncUITests.swift */,
				170055003D9EF98D50EDBA27 /* C2SetupPromptUITests.swift */,
				0D4835804962F3C2C39A75BE /* F1TwoGatewayFleetLiveUITests.swift */,
				289566529F99173DE8015AB1 /* F2QRPairingUITests.swift */,
				EABD5C7E2F6A5874DAF05C6C /* F3OnboardingUITests.swift */,
				CA4B15B3C49C6C5FA5F888B9 /* F4FirstRunGateUITests.swift */,
				B066A503BF426E07D5165863 /* FleetSettingsAccentUITests.swift */,
				65CA49DCCE4D28E086A7ABE5 /* FOS2GatewayDetailUITests.swift */,
				9D049EEAAB53A7AB714E7F2B /* FOS3FourRootShellUITests.swift */,
				EE4159F90136D3243A7471A8 /* FOS4TruthfulHomeUITests.swift */,
				CEA14D54A4EAB999E0168F92 /* FOS5BotsGroupsChatsUITests.swift */,
				FB290BD0B4FDD960F068C4F2 /* FOS6ComponentDensityUITests.swift */,
				F494D99AE21673F68B1CAF3C /* FOS8AccessibilityUITests.swift */,
				0A0A14C6077626C1CE583542 /* H1AppLockUITests.swift */,
				81A1A63C6F0F29A8454980F6 /* H2HealthDashboardUITests.swift */,
				5637DB7B24B46E1A35E0B3ED /* HermesFleetHappyPathUITests.swift */,
				07655520ABEDB2077F32D167 /* HermesFleetReconnectUITests.swift */,
				5F5C7B4AC06BE3E3829F5BE1 /* Issue4SlashSkillUITests.swift */,
				35C9E0A36254E87C0AD1A304 /* Issue5StreamingRichTextUITests.swift */,
				5C9936C1305F593BCAEC3276 /* KanbanBoardUITests.swift */,
				BC9677ED749D08C0E0F64121 /* L1FixLiveGatewayUITests.swift */,
				7D4F9B97BE138E2E91D5F991 /* L1LiveGatewayUITests.swift */,
				A6325589D12BB7792035231F /* P0_7LiveTailnetUITests.swift */,
				B20AB484DBACFFEEC06179C2 /* P0_7SessionStateMachineUITests.swift */,
				73276D7D335DD1FFAF4D238A /* P2GatewayFormDraftUITests.swift */,
				EAA506D7F4BC4CAA5FA1860A /* P3FixLANGatewayUITests.swift */,
				2B40ECEBBFB0680B0EA13A70 /* P3FixLoopbackGatewayUITests.swift */,
				90F4785CD8BD260DF07E65DF /* R9ApprovalBannerUITests.swift */,
				21D1C48B297C70782863ECDB /* R9ConversationToolingUITests.swift */,
				69C593000BFB095D711C803E /* R9ManagementPanesUITests.swift */,
				6676D110095F10C4FB78A5A9 /* R9MemoryGraphUITests.swift */,
				3B326FB606E259B0116F2F6D /* R10AttachmentTrayUITests.swift */,
				1300690CB61519FB78BBE445 /* R10MemoryGraphEditUITests.swift */,
				57784BC2C1A8BD4D890F4D33 /* R10MessageReactionsUITests.swift */,
				5E135D8699F0110CA5792B32 /* R10ProjectsBrowserUITests.swift */,
				8E4B9CA2708C4F6346F45A41 /* R10VoiceUITests.swift */,
				0E4A0FF7E8350A8E2BA6F853 /* RoomChatUITests.swift */,
				0AF95D840A084BE9C9CAD33C /* RoomLinkMentionsUITests.swift */,
				AA0788C641C3AD0C32972980 /* RT2RemovalAndEndpointSanitizationUITests.swift */,
				C16ABB40EB8195A89AAF2A6C /* RT4FormSaveFailureUITests.swift */,
				34781F74AFD460D82B873234 /* RT4RosterEmptyStateUITests.swift */,
				84817A22FDC16B5FCACA9EC9 /* RT4VoiceOverUITests.swift */,
				F3E045B2C895711DCB6AC796 /* S3CleartextWarningUITests.swift */,
				920D165DE93AC52EACD9A21C /* SecondGenerationUITests.swift */,
				3F88573D747272E04066317D /* SplashUITests.swift */,
				44C074CE45D0B5E88EB78568 /* T2FixTailnetGatewayUITests.swift */,
				36A4B24E61526D2294992BD2 /* U3TabNavigationUITests.swift */,
				1896CA7B98299D932622EE4A /* U4DashboardUITests.swift */,
				10E6E3D880ED0ED902488681 /* U5BotDetailUITests.swift */,
				F7D87954F52997464C091EED /* U6ConversationSkinUITests.swift */,
				A9B8E7BB7DE1F553B7F2B2D6 /* U7GatewayQrLockSettingsUITests.swift */,
				501E486750093968F32F0092 /* UITabNavigation.swift */,
				AF524BB131167B4F4E65D756 /* UITestLaunchSupport.swift */,
			);
			path = HermesFleetAppUITests;
			sourceTree = "<group>";
		};
		F8EC36773AE31944E1E78CD4 /* FleetNetworking */ = {
			isa = PBXGroup;
			children = (
				72D736B78D6A179989F083A6 /* Tests */,
			);
			path = FleetNetworking;
			sourceTree = "<group>";
		};
/* End PBXGroup section */

/* Begin PBXNativeTarget section */
		9740850ADFCED19DEA53002E /* HermesFleetAppUITests */ = {
			isa = PBXNativeTarget;
			buildConfigurationList = CBF86C25BFF0D18072A24651 /* Build configuration list for PBXNativeTarget "HermesFleetAppUITests" */;
			buildPhases = (
				8C655FC619371AE7CD228E21 /* Sources */,
			);
			buildRules = (
			);
			dependencies = (
				11D2241720A83D3853EC7B03 /* PBXTargetDependency */,
			);
			name = HermesFleetAppUITests;
			packageProductDependencies = (
			);
			productName = HermesFleetAppUITests;
			productReference = AB9D5A666BBC20E8D5453331 /* HermesFleetAppUITests.xctest */;
			productType = "com.apple.product-type.bundle.ui-testing";
		};
		9A6AD1F4D6B0B207E73A83F6 /* HermesFleetApp */ = {
			isa = PBXNativeTarget;
			buildConfigurationList = 457A21F6484086EFF1676227 /* Build configuration list for PBXNativeTarget "HermesFleetApp" */;
			buildPhases = (
				FC918FD50841D7D1E7DBE21A /* Verify private Tailscale SDK */,
				1385798051987C9BF21F3ED2 /* Sources */,
				E80198E917FD7701A273578B /* Resources */,
				2A4765832A1D161F4E2675D5 /* Frameworks */,
				B24C9BEAA570FA1C33BD3C4A /* Embed Frameworks */,
			);
			buildRules = (
			);
			dependencies = (
			);
			name = HermesFleetApp;
			packageProductDependencies = (
				8F4470D5B9599997A86EB24D /* FleetCore */,
				4439186D733E102F83A0BE03 /* FleetNetworking */,
				4FD859AB5DC4007FABF3E84F /* FleetSecurity */,
				377914622ADB44444547314C /* FleetPersistence */,
				93C490BE855453CB16C74879 /* FleetUI */,
			);
			productName = HermesFleetApp;
			productReference = BE9D6EB7DC0A6113FF880570 /* HermesFleetApp.app */;
			productType = "com.apple.product-type.application";
		};
		B3003DEB5DBA7762041D9FA5 /* HermesFleetAppTests */ = {
			isa = PBXNativeTarget;
			buildConfigurationList = D47A66856F8E61220BC93254 /* Build configuration list for PBXNativeTarget "HermesFleetAppTests" */;
			buildPhases = (
				163541059CD876768B3BC342 /* Sources */,
			);
			buildRules = (
			);
			dependencies = (
				1E160C40DFD05F74B16780F5 /* PBXTargetDependency */,
			);
			name = HermesFleetAppTests;
			packageProductDependencies = (
			);
			productName = HermesFleetAppTests;
			productReference = 7F8603AE7421818EC9CFA200 /* HermesFleetAppTests.xctest */;
			productType = "com.apple.product-type.bundle.unit-test";
		};
/* End PBXNativeTarget section */

/* Begin PBXProject section */
		82F931C576494708208BD587 /* Project object */ = {
			isa = PBXProject;
			attributes = {
				BuildIndependentTargetsInParallel = YES;
				LastUpgradeCheck = 1430;
				TargetAttributes = {
					9740850ADFCED19DEA53002E = {
						DevelopmentTeam = 3JS22HX92T;
						ProvisioningStyle = Automatic;
						TestTargetID = 9A6AD1F4D6B0B207E73A83F6;
					};
					9A6AD1F4D6B0B207E73A83F6 = {
						DevelopmentTeam = 3JS22HX92T;
						ProvisioningStyle = Automatic;
					};
					B3003DEB5DBA7762041D9FA5 = {
						DevelopmentTeam = 3JS22HX92T;
						ProvisioningStyle = Automatic;
					};
				};
			};
			buildConfigurationList = 39AAB48DF3AC81F1B33836CA /* Build configuration list for PBXProject "HermesFleetApp" */;
			developmentRegion = en;
			hasScannedForEncodings = 0;
			knownRegions = (
				Base,
				en,
			);
			mainGroup = 7355D111D5347274DDD496EA;
			minimizedProjectReferenceProxies = 1;
			packageReferences = (
				0D2B5F56F5D38399B27FCE2C /* XCLocalSwiftPackageReference "Packages/FleetCore" */,
				B3CC4035E359215431637EC7 /* XCLocalSwiftPackageReference "Packages/FleetNetworking" */,
				540AFB342324F3C5BFBCE25A /* XCLocalSwiftPackageReference "Packages/FleetPersistence" */,
				29E190680EC95BBD03E78826 /* XCLocalSwiftPackageReference "Packages/FleetSecurity" */,
				0BAD03E70DDE93ACDA37B4DF /* XCLocalSwiftPackageReference "Packages/FleetUI" */,
			);
			preferredProjectObjectVersion = 77;
			productRefGroup = 878C94A60C376FDE0447D494 /* Products */;
			projectDirPath = "";
			projectRoot = "";
			targets = (
				9A6AD1F4D6B0B207E73A83F6 /* HermesFleetApp */,
				B3003DEB5DBA7762041D9FA5 /* HermesFleetAppTests */,
				9740850ADFCED19DEA53002E /* HermesFleetAppUITests */,
			);
		};
/* End PBXProject section */

/* Begin PBXResourcesBuildPhase section */
		E80198E917FD7701A273578B /* Resources */ = {
			isa = PBXResourcesBuildPhase;
			buildActionMask = 2147483647;
			files = (
				90B9C115EEE142503EBBF622 /* Assets.xcassets in Resources */,
				B370F267CF80B8A8161A8527 /* FleetWing.icon in Resources */,
				179BD4EFE6311D44DEF19762 /* LaunchScreen.storyboard in Resources */,
				D9DC730BEE5131BE4CDFB4B2 /* PrivacyInfo.xcprivacy in Resources */,
				16BDC9CA675F3E7D1B9659A8 /* Tailscale-LICENSE.txt in Resources */,
			);
			runOnlyForDeploymentPostprocessing = 0;
		};
/* End PBXResourcesBuildPhase section */

/* Begin PBXShellScriptBuildPhase section */
		FC918FD50841D7D1E7DBE21A /* Verify private Tailscale SDK */ = {
			isa = PBXShellScriptBuildPhase;
			alwaysOutOfDate = 1;
			buildActionMask = 2147483647;
			files = (
			);
			inputFileListPaths = (
			);
			inputPaths = (
			);
			name = "Verify private Tailscale SDK";
			outputFileListPaths = (
			);
			outputPaths = (
			);
			runOnlyForDeploymentPostprocessing = 0;
			shellPath = /bin/sh;
			shellScript = "bash \"$SRCROOT/scripts/tailscale-sdk.sh\" install \"$SRCROOT/Vendor/TailscaleKit.xcframework\"";
		};
/* End PBXShellScriptBuildPhase section */

/* Begin PBXSourcesBuildPhase section */
		1385798051987C9BF21F3ED2 /* Sources */ = {
			isa = PBXSourcesBuildPhase;
			buildActionMask = 2147483647;
			files = (
				C6F51B49816B3F8801F18F68 /* AppLockProviders.swift in Sources */,
				F37E76F893963CDB1E25D544 /* FleetServiceGraph.swift in Sources */,
				3F560639A03BF741A77E72F8 /* FleetSimulator.swift in Sources */,
				700DFE4F228CE222DCF6B3F4 /* GatewayRoomProviders.swift in Sources */,
				B9F70C648F21F01431B2BCBC /* HermesFleetApp.swift in Sources */,
				2FAB6479B1024179FC62B75F /* SplashOverlayView.swift in Sources */,
				2D16BA121A70A3FC6CD9CE6B /* TailscaleKitDriver.swift in Sources */,
				627DA62856B55491E2B8513F /* UnconfiguredGateways.swift in Sources */,
				ABD9FAEBC67BC5E829AE92F6 /* VoiceIO.swift in Sources */,
			);
			runOnlyForDeploymentPostprocessing = 0;
		};
		163541059CD876768B3BC342 /* Sources */ = {
			isa = PBXSourcesBuildPhase;
			buildActionMask = 2147483647;
			files = (
				200B95B272E00C8BB9E7A8BC /* ATSExceptionDriftTests.swift in Sources */,
				A61B399EE4B0054EF82EA89C /* AppCompositionTests.swift in Sources */,
				0F2A6454E506740BE84B1739 /* AppEnvironmentTests.swift in Sources */,
				CC9DA412A22B594A47067A21 /* AppLockControllerTests.swift in Sources */,
				70DBE252BC45F78409C8C733 /* ApprovalFlowTests.swift in Sources */,
				E29151249F23732E5B908F41 /* AssistantRichTextTests.swift in Sources */,
				CB2A546E9A4953A64976DD80 /* AttachmentStagingViewModelTests.swift in Sources */,
				28FF08C4B275EB4BCEBBA52A /* B1LiveBoardSelectorDeviceTests.swift in Sources */,
				4709C62AB817CDE5D5CB5962 /* BotAvatarRendererAndControlsTests.swift in Sources */,
				768404B993FAA1E100FC3F0E /* BotManagementTests.swift in Sources */,
				53A47B253D02DD8EADC1A44B /* BotPetAvatarTests.swift in Sources */,
				3A8B99EBFA16CC3747BB4E66 /* BotRoutinesViewModelTests.swift in Sources */,
				386A8D570EBDA575D4114CFB /* BotsPresenceSyncTests.swift in Sources */,
				5859CE419C8FED2410EE3549 /* ChatsSessionFreshnessTests.swift in Sources */,
				2997308626C5593CEA2714B1 /* ConnectionLifecycleIntentTests.swift in Sources */,
				99E6CF69A06EBD35702F27B0 /* ConversationFixtureLoopTests.swift in Sources */,
				D1E600C197F91CC57F736C98 /* ConversationToolingTests.swift in Sources */,
				AC4468020B5AA02AF8E20D8C /* ConversationViewModelTests.swift in Sources */,
				A4CA210EB6511D75124029EF /* ConversationVoiceViewModelTests.swift in Sources */,
				872237CA888F813111175FB7 /* CrossGatewayRoomSetupTests.swift in Sources */,
				85CF8A3CC42A26DCD9F35414 /* EmbeddedCompositionTests.swift in Sources */,
				0C15E008913F81CCFF840668 /* EmbeddedTailnetUITests.swift in Sources */,
				074E6408F9F8AE84BDE6E60E /* EmbeddedTailscaleAdapterTests.swift in Sources */,
				B1306E98F67503207DCCAC67 /* F1FailureCopyTests.swift in Sources */,
				BFE06EDC671EA61D2924AD33 /* F1LiveATSProbeTests.swift in Sources */,
				504013619C0C5C1743CD1144 /* F2PairingApplyTests.swift in Sources */,
				6797022A8029048FEAA7EA69 /* FOS2GatewayScopingTests.swift in Sources */,
				B9636652BB9842B72178D9E2 /* FOS3FourRootShellTests.swift in Sources */,
				1DECF9B55382047514145BE4 /* FOS4TruthfulHomeTests.swift in Sources */,
				B0D8C00E8769592687D1B510 /* FOS5BotsGroupsChatsTests.swift in Sources */,
				373E555F2D1EA52A98D16E7A /* FOS8RoomLinkRecoveryTests.swift in Sources */,
				8FA7DC93085A162BBD082052 /* FleetChatsPresentationTests.swift in Sources */,
				7C08F39385F5A1F5DE156020 /* FleetChatsWiringGuardTests.swift in Sources */,
				3DF5C922278BEF5E7C68652B /* FleetComponentsTests.swift in Sources */,
				2C1CA3847CBD066D704AE4C8 /* FleetCoreLogicTests.swift in Sources */,
				C5377CCD5DCFD49530466CE3 /* FleetDashboardFormattingTests.swift in Sources */,
				230ED173C2D04A96779776A2 /* FleetThemeTests.swift in Sources */,
				0C26BBF27EF90EACF7C2DB65 /* GatewayFormDraftStoreTests.swift in Sources */,
				568D3FC18BC8530AE3E7DA34 /* GatewayPersistenceRelaunchTests.swift in Sources */,
				FF65A800E51BFB978AB9E01E /* GatewaySessionInvalidationTests.swift in Sources */,
				8B7BDB1F494E240EFD8C697F /* H2SurfaceDoctorDeviceTests.swift in Sources */,
				1EE8D3F281470F207063727D /* InProcessWebSocketServer.swift in Sources */,
				4F757B94E834A86C50D51FE3 /* KanbanBoardSelectorViewModelTests.swift in Sources */,
				D2753CF3C10A84C09DA1B907 /* KanbanBoardViewModelTests.swift in Sources */,
				658EFD3C965298877A7A1D63 /* ManagementPanesViewModelTests.swift in Sources */,
				1A1D00EE7582B69FCF421ABA /* MemoryGraphTests.swift in Sources */,
				5B69124E0F03B3614045E177 /* MessageReactionsViewModelTests.swift in Sources */,
				3BC9D5C1D9DB0AAA16B7E9E4 /* ModuleBoundaryTests.swift in Sources */,
				969F20E6ACD338F23C39708D /* OnboardingPromptTests.swift in Sources */,
				316AD24DA48B5B359159BC3E /* ProjectsBrowserTests.swift in Sources */,
				AB02B84E3EE16C4A0E9F47F1 /* ProjectsSnapshotStoreTests.swift in Sources */,
				8D5D7A4794C4F5C1DEE340BD /* RT4LogicRegressionTests.swift in Sources */,
				023319986EDBAC88CE708F61 /* RoomChatViewModelTests.swift in Sources */,
				1F1FD7F5ADF544FC0A62D5F9 /* RoomLinkViewModelTests.swift in Sources */,
				2A799A76FD4BAA877BA8F2AD /* ScriptedCreateFlowTests.swift in Sources */,
				942AFF1208C5A16EE04CB842 /* SessionPreviewTextTests.swift in Sources */,
				CDE183B24E366CE77571FB9D /* SimulatorCreateFlowTests.swift in Sources */,
				7CAFFD3B36AB1B7B3EEEFFCD /* SplashConfigurationTests.swift in Sources */,
				B43425B083F862091F76937C /* U6ConversationSkinTests.swift in Sources */,
			);
			runOnlyForDeploymentPostprocessing = 0;
		};
		8C655FC619371AE7CD228E21 /* Sources */ = {
			isa = PBXSourcesBuildPhase;
			buildActionMask = 2147483647;
			files = (
				C0E19EB4C1CB8D2656AA26CA /* B1LiveBoardPickerUITests.swift in Sources */,
				BC5865910B9FC1C44ED2E46C /* BotAvatarAppearanceUITests.swift in Sources */,
				19771701FE6B4C3552BE3821 /* BotAvatarSourcesUITests.swift in Sources */,
				0648A50441FEDC7FB3FE592C /* BotChatTapUITests.swift in Sources */,
				250C2114E69390A74CC828E2 /* BotPetAvatarUITests.swift in Sources */,
				3144AA84AD28AA9738D7D690 /* BotRosterSlice2UITests.swift in Sources */,
				6F9871E160358940DD836835 /* BotRoutinesUITests.swift in Sources */,
				F15AFD9E9FD86C2FEBD2747F /* BotsPresenceSyncUITests.swift in Sources */,
				E11564C663A832D24FFDC972 /* C2SetupPromptUITests.swift in Sources */,
				952EB3B91ACB63A0D00C57CE /* F1TwoGatewayFleetLiveUITests.swift in Sources */,
				57886FC093FF828BA1832DCA /* F2QRPairingUITests.swift in Sources */,
				1A0D15E987FF7FF59F36FC6B /* F3OnboardingUITests.swift in Sources */,
				1C08552B54A3B45AF72E2E01 /* F4FirstRunGateUITests.swift in Sources */,
				58BA21B387FA162A823AC1F4 /* FOS2GatewayDetailUITests.swift in Sources */,
				1FEA331E9B5D63C3ABD9E40E /* FOS3FourRootShellUITests.swift in Sources */,
				5FEC189081EDC141B9EB8581 /* FOS4TruthfulHomeUITests.swift in Sources */,
				36426EF83499A5696EE6B978 /* FOS5BotsGroupsChatsUITests.swift in Sources */,
				09B973D09FF7C6CE6235D28D /* FOS6ComponentDensityUITests.swift in Sources */,
				E240413C0BAEE6F045C82516 /* FOS8AccessibilityUITests.swift in Sources */,
				44D3313BD3B75361ECF04043 /* FleetSettingsAccentUITests.swift in Sources */,
				EF2CF38F42256207E850B8AE /* H1AppLockUITests.swift in Sources */,
				B1AB16A9F5EB927CD0BADA2C /* H2HealthDashboardUITests.swift in Sources */,
				53AB0A9DB99780F8669D9A82 /* HermesFleetHappyPathUITests.swift in Sources */,
				13F3F7A725F5265CD226E34D /* HermesFleetReconnectUITests.swift in Sources */,
				EC7BD27669199B145DE0E55C /* Issue4SlashSkillUITests.swift in Sources */,
				4A768B4C334F6466F161DB73 /* Issue5StreamingRichTextUITests.swift in Sources */,
				F28C26E53888FB9210E67B8A /* KanbanBoardUITests.swift in Sources */,
				CF341E7F76B43EEBFBB728E7 /* L1FixLiveGatewayUITests.swift in Sources */,
				E966FB2E068DD8CF603A349B /* L1LiveGatewayUITests.swift in Sources */,
				7CEC3E04BE1669A048732A54 /* P0_7LiveTailnetUITests.swift in Sources */,
				C56D4ED822D48F543FC80D08 /* P0_7SessionStateMachineUITests.swift in Sources */,
				6AC11F4E4AB93D71284181CC /* P2GatewayFormDraftUITests.swift in Sources */,
				0098E9FDF89D44B5CE8F7285 /* P3FixLANGatewayUITests.swift in Sources */,
				83F772490E202B9E595C263B /* P3FixLoopbackGatewayUITests.swift in Sources */,
				E068680EB7D3C89322F99764 /* R10AttachmentTrayUITests.swift in Sources */,
				5955E58F2C47102B77E22577 /* R10MemoryGraphEditUITests.swift in Sources */,
				48703090EBACB7FBDB05E476 /* R10MessageReactionsUITests.swift in Sources */,
				A97BFFDDA3101E30242FF257 /* R10ProjectsBrowserUITests.swift in Sources */,
				6AC7FDB9D7DE509A16915205 /* R10VoiceUITests.swift in Sources */,
				530AA02746BD1BF75369C072 /* R9ApprovalBannerUITests.swift in Sources */,
				16D96136BF1241B597E4722D /* R9ConversationToolingUITests.swift in Sources */,
				DEA04FB333232EAAE82C9AD7 /* R9ManagementPanesUITests.swift in Sources */,
				7C833168DB02614C318E08CD /* R9MemoryGraphUITests.swift in Sources */,
				0C15E01E38955F7B74F335F5 /* RT2RemovalAndEndpointSanitizationUITests.swift in Sources */,
				EC633F89B6F3E540C837E1A2 /* RT4FormSaveFailureUITests.swift in Sources */,
				A2B84AE3662AEC98EC77C3EE /* RT4RosterEmptyStateUITests.swift in Sources */,
				F14069A7319C17D2D0651D4F /* RT4VoiceOverUITests.swift in Sources */,
				A7EE0E2701530A9A184F5BB6 /* RoomChatUITests.swift in Sources */,
				34879804AE54086055BC7960 /* RoomLinkMentionsUITests.swift in Sources */,
				5F465EC10BBE403B4835C88E /* S3CleartextWarningUITests.swift in Sources */,
				CEE35FD50C2E188BB54260A7 /* SecondGenerationUITests.swift in Sources */,
				82725A689F83E414C95BE70C /* SplashUITests.swift in Sources */,
				608C037057F7FF6801D39160 /* T2FixTailnetGatewayUITests.swift in Sources */,
				1B5563751D50E50C7B196921 /* U3TabNavigationUITests.swift in Sources */,
				D82BFF6EBCBB2A7B6D1B0C11 /* U4DashboardUITests.swift in Sources */,
				BD835154FEAB0EB84978C12F /* U5BotDetailUITests.swift in Sources */,
				184DF99410B6C818C8728DF1 /* U6ConversationSkinUITests.swift in Sources */,
				26780CF557EC175FB73356B9 /* U7GatewayQrLockSettingsUITests.swift in Sources */,
				CE2B614CC7652368415DA8C4 /* UITabNavigation.swift in Sources */,
				789CA16B2875E2B19C6B1E95 /* UITestLaunchSupport.swift in Sources */,
			);
			runOnlyForDeploymentPostprocessing = 0;
		};
/* End PBXSourcesBuildPhase section */

/* Begin PBXTargetDependency section */
		11D2241720A83D3853EC7B03 /* PBXTargetDependency */ = {
			isa = PBXTargetDependency;
			target = 9A6AD1F4D6B0B207E73A83F6 /* HermesFleetApp */;
			targetProxy = 9A46EF41D88C0A1CBA99774D /* PBXContainerItemProxy */;
		};
		1E160C40DFD05F74B16780F5 /* PBXTargetDependency */ = {
			isa = PBXTargetDependency;
			target = 9A6AD1F4D6B0B207E73A83F6 /* HermesFleetApp */;
			targetProxy = D8B0A719B73C4D6730AD440A /* PBXContainerItemProxy */;
		};
/* End PBXTargetDependency section */

/* Begin XCBuildConfiguration section */
		1EEC4E472BC3D9156CDDB4F1 /* Debug */ = {
			isa = XCBuildConfiguration;
			buildSettings = {
				ALWAYS_SEARCH_USER_PATHS = NO;
				CLANG_ANALYZER_NONNULL = YES;
				CLANG_ANALYZER_NUMBER_OBJECT_CONVERSION = YES_AGGRESSIVE;
				CLANG_CXX_LANGUAGE_STANDARD = "gnu++14";
				CLANG_CXX_LIBRARY = "libc++";
				CLANG_ENABLE_MODULES = YES;
				CLANG_ENABLE_OBJC_ARC = YES;
				CLANG_ENABLE_OBJC_WEAK = YES;
				CLANG_WARN_BLOCK_CAPTURE_AUTORELEASING = YES;
				CLANG_WARN_BOOL_CONVERSION = YES;
				CLANG_WARN_COMMA = YES;
				CLANG_WARN_CONSTANT_CONVERSION = YES;
				CLANG_WARN_DEPRECATED_OBJC_IMPLEMENTATIONS = YES;
				CLANG_WARN_DIRECT_OBJC_ISA_USAGE = YES_ERROR;
				CLANG_WARN_DOCUMENTATION_COMMENTS = YES;
				CLANG_WARN_EMPTY_BODY = YES;
				CLANG_WARN_ENUM_CONVERSION = YES;
				CLANG_WARN_INFINITE_RECURSION = YES;
				CLANG_WARN_INT_CONVERSION = YES;
				CLANG_WARN_NON_LITERAL_NULL_CONVERSION = YES;
				CLANG_WARN_OBJC_IMPLICIT_RETAIN_SELF = YES;
				CLANG_WARN_OBJC_LITERAL_CONVERSION = YES;
				CLANG_WARN_OBJC_ROOT_CLASS = YES_ERROR;
				CLANG_WARN_QUOTED_INCLUDE_IN_FRAMEWORK_HEADER = YES;
				CLANG_WARN_RANGE_LOOP_ANALYSIS = YES;
				CLANG_WARN_STRICT_PROTOTYPES = YES;
				CLANG_WARN_SUSPICIOUS_MOVE = YES;
				CLANG_WARN_UNGUARDED_AVAILABILITY = YES_AGGRESSIVE;
				CLANG_WARN_UNREACHABLE_CODE = YES;
				CLANG_WARN__DUPLICATE_METHOD_MATCH = YES;
				CODE_SIGN_STYLE = Automatic;
				COPY_PHASE_STRIP = NO;
				CURRENT_PROJECT_VERSION = 86;
				DEBUG_INFORMATION_FORMAT = dwarf;
				DEVELOPMENT_TEAM = 3JS22HX92T;
				ENABLE_STRICT_OBJC_MSGSEND = YES;
				ENABLE_TESTABILITY = YES;
				GCC_C_LANGUAGE_STANDARD = gnu11;
				GCC_DYNAMIC_NO_PIC = NO;
				GCC_NO_COMMON_BLOCKS = YES;
				GCC_OPTIMIZATION_LEVEL = 0;
				GCC_PREPROCESSOR_DEFINITIONS = (
					"$(inherited)",
					"DEBUG=1",
				);
				GCC_WARN_64_TO_32_BIT_CONVERSION = YES;
				GCC_WARN_ABOUT_RETURN_TYPE = YES_ERROR;
				GCC_WARN_UNDECLARED_SELECTOR = YES;
				GCC_WARN_UNINITIALIZED_AUTOS = YES_AGGRESSIVE;
				GCC_WARN_UNUSED_FUNCTION = YES;
				GCC_WARN_UNUSED_VARIABLE = YES;
				IPHONEOS_DEPLOYMENT_TARGET = 26.0;
				MARKETING_VERSION = 0.2.0;
				MTL_ENABLE_DEBUG_INFO = INCLUDE_SOURCE;
				MTL_FAST_MATH = YES;
				ONLY_ACTIVE_ARCH = YES;
				PRODUCT_NAME = "$(TARGET_NAME)";
				SDKROOT = iphoneos;
				SUPPORTS_MACCATALYST = NO;
				SWIFT_ACTIVE_COMPILATION_CONDITIONS = DEBUG;
				SWIFT_OPTIMIZATION_LEVEL = "-Onone";
				SWIFT_VERSION = 6.0;
				TARGETED_DEVICE_FAMILY = "1,2";
			};
			name = Debug;
		};
		26D0ECF0F33BA6D32F1C62F5 /* Release */ = {
			isa = XCBuildConfiguration;
			buildSettings = {
				BUNDLE_LOADER = "$(TEST_HOST)";
				GENERATE_INFOPLIST_FILE = YES;
				LD_RUNPATH_SEARCH_PATHS = (
					"$(inherited)",
					"@executable_path/Frameworks",
					"@loader_path/Frameworks",
				);
				PRODUCT_BUNDLE_IDENTIFIER = com.aiowa.HermesFleetAppUITests;
				SDKROOT = iphoneos;
				TARGETED_DEVICE_FAMILY = "1,2";
				TEST_TARGET_NAME = HermesFleetApp;
			};
			name = Release;
		};
		3F0E5A72B8CD268B46A27EEA /* Release */ = {
			isa = XCBuildConfiguration;
			buildSettings = {
				ALWAYS_SEARCH_USER_PATHS = NO;
				CLANG_ANALYZER_NONNULL = YES;
				CLANG_ANALYZER_NUMBER_OBJECT_CONVERSION = YES_AGGRESSIVE;
				CLANG_CXX_LANGUAGE_STANDARD = "gnu++14";
				CLANG_CXX_LIBRARY = "libc++";
				CLANG_ENABLE_MODULES = YES;
				CLANG_ENABLE_OBJC_ARC = YES;
				CLANG_ENABLE_OBJC_WEAK = YES;
				CLANG_WARN_BLOCK_CAPTURE_AUTORELEASING = YES;
				CLANG_WARN_BOOL_CONVERSION = YES;
				CLANG_WARN_COMMA = YES;
				CLANG_WARN_CONSTANT_CONVERSION = YES;
				CLANG_WARN_DEPRECATED_OBJC_IMPLEMENTATIONS = YES;
				CLANG_WARN_DIRECT_OBJC_ISA_USAGE = YES_ERROR;
				CLANG_WARN_DOCUMENTATION_COMMENTS = YES;
				CLANG_WARN_EMPTY_BODY = YES;
				CLANG_WARN_ENUM_CONVERSION = YES;
				CLANG_WARN_INFINITE_RECURSION = YES;
				CLANG_WARN_INT_CONVERSION = YES;
				CLANG_WARN_NON_LITERAL_NULL_CONVERSION = YES;
				CLANG_WARN_OBJC_IMPLICIT_RETAIN_SELF = YES;
				CLANG_WARN_OBJC_LITERAL_CONVERSION = YES;
				CLANG_WARN_OBJC_ROOT_CLASS = YES_ERROR;
				CLANG_WARN_QUOTED_INCLUDE_IN_FRAMEWORK_HEADER = YES;
				CLANG_WARN_RANGE_LOOP_ANALYSIS = YES;
				CLANG_WARN_STRICT_PROTOTYPES = YES;
				CLANG_WARN_SUSPICIOUS_MOVE = YES;
				CLANG_WARN_UNGUARDED_AVAILABILITY = YES_AGGRESSIVE;
				CLANG_WARN_UNREACHABLE_CODE = YES;
				CLANG_WARN__DUPLICATE_METHOD_MATCH = YES;
				CODE_SIGN_STYLE = Automatic;
				COPY_PHASE_STRIP = NO;
				CURRENT_PROJECT_VERSION = 86;
				DEBUG_INFORMATION_FORMAT = "dwarf-with-dsym";
				DEVELOPMENT_TEAM = 3JS22HX92T;
				ENABLE_NS_ASSERTIONS = NO;
				ENABLE_STRICT_OBJC_MSGSEND = YES;
				GCC_C_LANGUAGE_STANDARD = gnu11;
				GCC_NO_COMMON_BLOCKS = YES;
				GCC_WARN_64_TO_32_BIT_CONVERSION = YES;
				GCC_WARN_ABOUT_RETURN_TYPE = YES_ERROR;
				GCC_WARN_UNDECLARED_SELECTOR = YES;
				GCC_WARN_UNINITIALIZED_AUTOS = YES_AGGRESSIVE;
				GCC_WARN_UNUSED_FUNCTION = YES;
				GCC_WARN_UNUSED_VARIABLE = YES;
				IPHONEOS_DEPLOYMENT_TARGET = 26.0;
				MARKETING_VERSION = 0.2.0;
				MTL_ENABLE_DEBUG_INFO = NO;
				MTL_FAST_MATH = YES;
				PRODUCT_NAME = "$(TARGET_NAME)";
				SDKROOT = iphoneos;
				SUPPORTS_MACCATALYST = NO;
				SWIFT_COMPILATION_MODE = wholemodule;
				SWIFT_OPTIMIZATION_LEVEL = "-O";
				SWIFT_VERSION = 6.0;
				TARGETED_DEVICE_FAMILY = "1,2";
			};
			name = Release;
		};
		520B8CD80B486F6273D163E6 /* Release */ = {
			isa = XCBuildConfiguration;
			buildSettings = {
				ASSETCATALOG_COMPILER_APPICON_NAME = FleetWing;
				CODE_SIGN_IDENTITY = "iPhone Developer";
				CODE_SIGN_STYLE = Automatic;
				DEVELOPMENT_TEAM = 3JS22HX92T;
				ENABLE_PREVIEWS = YES;
				FRAMEWORK_SEARCH_PATHS = (
					"$(inherited)",
					"\"Vendor\"",
				);
				GENERATE_INFOPLIST_FILE = YES;
				INFOPLIST_FILE = HermesFleetApp/Info.plist;
				INFOPLIST_KEY_CFBundleDisplayName = "Hermes Fleet";
				INFOPLIST_KEY_UIApplicationSceneManifest_Generation = YES;
				INFOPLIST_KEY_UISupportedInterfaceOrientations = UIInterfaceOrientationPortrait;
				LD_RUNPATH_SEARCH_PATHS = (
					"$(inherited)",
					"@executable_path/Frameworks",
				);
				PRODUCT_BUNDLE_IDENTIFIER = com.aiowa.hermesfleet;
				PRODUCT_NAME = HermesFleetApp;
				SDKROOT = iphoneos;
				TARGETED_DEVICE_FAMILY = "1,2";
			};
			name = Release;
		};
		666783C46C75A803CAC7C832 /* Debug */ = {
			isa = XCBuildConfiguration;
			buildSettings = {
				BUNDLE_LOADER = "$(TEST_HOST)";
				GENERATE_INFOPLIST_FILE = YES;
				LD_RUNPATH_SEARCH_PATHS = (
					"$(inherited)",
					"@executable_path/Frameworks",
					"@loader_path/Frameworks",
				);
				PRODUCT_BUNDLE_IDENTIFIER = com.aiowa.HermesFleetAppTests;
				SDKROOT = iphoneos;
				TARGETED_DEVICE_FAMILY = "1,2";
				TEST_HOST = "$(BUILT_PRODUCTS_DIR)/HermesFleetApp.app/HermesFleetApp";
			};
			name = Debug;
		};
		7DA6329A7118C964983BF34C /* Debug */ = {
			isa = XCBuildConfiguration;
			buildSettings = {
				ASSETCATALOG_COMPILER_APPICON_NAME = FleetWing;
				CODE_SIGN_IDENTITY = "iPhone Developer";
				CODE_SIGN_STYLE = Automatic;
				DEVELOPMENT_TEAM = 3JS22HX92T;
				ENABLE_PREVIEWS = YES;
				FRAMEWORK_SEARCH_PATHS = (
					"$(inherited)",
					"\"Vendor\"",
				);
				GENERATE_INFOPLIST_FILE = YES;
				INFOPLIST_FILE = HermesFleetApp/Info.plist;
				INFOPLIST_KEY_CFBundleDisplayName = "Hermes Fleet";
				INFOPLIST_KEY_UIApplicationSceneManifest_Generation = YES;
				INFOPLIST_KEY_UISupportedInterfaceOrientations = UIInterfaceOrientationPortrait;
				LD_RUNPATH_SEARCH_PATHS = (
					"$(inherited)",
					"@executable_path/Frameworks",
				);
				PRODUCT_BUNDLE_IDENTIFIER = com.aiowa.hermesfleet;
				PRODUCT_NAME = HermesFleetApp;
				SDKROOT = iphoneos;
				TARGETED_DEVICE_FAMILY = "1,2";
			};
			name = Debug;
		};
		8125268F07EFAF940663DF41 /* Debug */ = {
			isa = XCBuildConfiguration;
			buildSettings = {
				BUNDLE_LOADER = "$(TEST_HOST)";
				GENERATE_INFOPLIST_FILE = YES;
				LD_RUNPATH_SEARCH_PATHS = (
					"$(inherited)",
					"@executable_path/Frameworks",
					"@loader_path/Frameworks",
				);
				PRODUCT_BUNDLE_IDENTIFIER = com.aiowa.HermesFleetAppUITests;
				SDKROOT = iphoneos;
				TARGETED_DEVICE_FAMILY = "1,2";
				TEST_TARGET_NAME = HermesFleetApp;
			};
			name = Debug;
		};
		C08DA999BD59590FE06CB0F0 /* Release */ = {
			isa = XCBuildConfiguration;
			buildSettings = {
				BUNDLE_LOADER = "$(TEST_HOST)";
				GENERATE_INFOPLIST_FILE = YES;
				LD_RUNPATH_SEARCH_PATHS = (
					"$(inherited)",
					"@executable_path/Frameworks",
					"@loader_path/Frameworks",
				);
				PRODUCT_BUNDLE_IDENTIFIER = com.aiowa.HermesFleetAppTests;
				SDKROOT = iphoneos;
				TARGETED_DEVICE_FAMILY = "1,2";
				TEST_HOST = "$(BUILT_PRODUCTS_DIR)/HermesFleetApp.app/HermesFleetApp";
			};
			name = Release;
		};
/* End XCBuildConfiguration section */

/* Begin XCConfigurationList section */
		39AAB48DF3AC81F1B33836CA /* Build configuration list for PBXProject "HermesFleetApp" */ = {
			isa = XCConfigurationList;
			buildConfigurations = (
				1EEC4E472BC3D9156CDDB4F1 /* Debug */,
				3F0E5A72B8CD268B46A27EEA /* Release */,
			);
			defaultConfigurationIsVisible = 0;
			defaultConfigurationName = Debug;
		};
		457A21F6484086EFF1676227 /* Build configuration list for PBXNativeTarget "HermesFleetApp" */ = {
			isa = XCConfigurationList;
			buildConfigurations = (
				7DA6329A7118C964983BF34C /* Debug */,
				520B8CD80B486F6273D163E6 /* Release */,
			);
			defaultConfigurationIsVisible = 0;
			defaultConfigurationName = Debug;
		};
		CBF86C25BFF0D18072A24651 /* Build configuration list for PBXNativeTarget "HermesFleetAppUITests" */ = {
			isa = XCConfigurationList;
			buildConfigurations = (
				8125268F07EFAF940663DF41 /* Debug */,
				26D0ECF0F33BA6D32F1C62F5 /* Release */,
			);
			defaultConfigurationIsVisible = 0;
			defaultConfigurationName = Debug;
		};
		D47A66856F8E61220BC93254 /* Build configuration list for PBXNativeTarget "HermesFleetAppTests" */ = {
			isa = XCConfigurationList;
			buildConfigurations = (
				666783C46C75A803CAC7C832 /* Debug */,
				C08DA999BD59590FE06CB0F0 /* Release */,
			);
			defaultConfigurationIsVisible = 0;
			defaultConfigurationName = Debug;
		};
/* End XCConfigurationList section */

/* Begin XCLocalSwiftPackageReference section */
		0BAD03E70DDE93ACDA37B4DF /* XCLocalSwiftPackageReference "Packages/FleetUI" */ = {
			isa = XCLocalSwiftPackageReference;
			relativePath = Packages/FleetUI;
		};
		0D2B5F56F5D38399B27FCE2C /* XCLocalSwiftPackageReference "Packages/FleetCore" */ = {
			isa = XCLocalSwiftPackageReference;
			relativePath = Packages/FleetCore;
		};
		29E190680EC95BBD03E78826 /* XCLocalSwiftPackageReference "Packages/FleetSecurity" */ = {
			isa = XCLocalSwiftPackageReference;
			relativePath = Packages/FleetSecurity;
		};
		540AFB342324F3C5BFBCE25A /* XCLocalSwiftPackageReference "Packages/FleetPersistence" */ = {
			isa = XCLocalSwiftPackageReference;
			relativePath = Packages/FleetPersistence;
		};
		B3CC4035E359215431637EC7 /* XCLocalSwiftPackageReference "Packages/FleetNetworking" */ = {
			isa = XCLocalSwiftPackageReference;
			relativePath = Packages/FleetNetworking;
		};
/* End XCLocalSwiftPackageReference section */

/* Begin XCSwiftPackageProductDependency section */
		377914622ADB44444547314C /* FleetPersistence */ = {
			isa = XCSwiftPackageProductDependency;
			productName = FleetPersistence;
		};
		4439186D733E102F83A0BE03 /* FleetNetworking */ = {
			isa = XCSwiftPackageProductDependency;
			productName = FleetNetworking;
		};
		4FD859AB5DC4007FABF3E84F /* FleetSecurity */ = {
			isa = XCSwiftPackageProductDependency;
			productName = FleetSecurity;
		};
		8F4470D5B9599997A86EB24D /* FleetCore */ = {
			isa = XCSwiftPackageProductDependency;
			productName = FleetCore;
		};
		93C490BE855453CB16C74879 /* FleetUI */ = {
			isa = XCSwiftPackageProductDependency;
			productName = FleetUI;
		};
/* End XCSwiftPackageProductDependency section */
	};
	rootObject = 82F931C576494708208BD587 /* Project object */;
}
